// !$*UTF8*$!
{
	archiveVersion = 1;
	classes = {
	};
	objectVersion = 46;
	objects = {

/* Begin PBXBuildFile section */
		6D26830B18F4E0F800269E8B /* InnerWorkViewController.m in Sources */ = {isa = PBXBuildFile; fileRef = 6D26830A18F4E0F800269E8B /* InnerWorkViewController.m */; settings = {COMPILER_FLAGS = "-w"; }; };
		6D26830D18F4E41F00269E8B /* inner.plist in Resources */ = {isa = PBXBuildFile; fileRef = 6D26830C18F4E41F00269E8B /* inner.plist */; };
		6D26831018F4E92D00269E8B /* CreationViewController.m in Sources */ = {isa = PBXBuildFile; fileRef = 6D26830F18F4E92D00269E8B /* CreationViewController.m */; settings = {COMPILER_FLAGS = "-w"; }; };
		6D26831218F4EA0A00269E8B /* creation.plist in Resources */ = {isa = PBXBuildFile; fileRef = 6D26831118F4EA0A00269E8B /* creation.plist */; };
		6D26831518F4F32600269E8B /* FacebookSDK.framework in Frameworks */ = {isa = PBXBuildFile; fileRef = 6D26831418F4F32600269E8B /* FacebookSDK.framework */; };
		6D26832518F4F42E00269E8B /* InfoPlist.strings in Resources */ = {isa = PBXBuildFile; fileRef = 6D26832418F4F42E00269E8B /* InfoPlist.strings */; };
		6D26832C18F4F8F000269E8B /* Appirater.m in Sources */ = {isa = PBXBuildFile; fileRef = 6D26832718F4F8F000269E8B /* Appirater.m */; settings = {COMPILER_FLAGS = "-w"; }; };
		6D26832D18F4F8F000269E8B /* AppiraterLocalizable.strings in Resources */ = {isa = PBXBuildFile; fileRef = 6D26832A18F4F8F000269E8B /* AppiraterLocalizable.strings */; };
		6D26833018F4FE3A00269E8B /* Crashlytics.framework in Frameworks */ = {isa = PBXBuildFile; fileRef = 6D26832F18F4FE3A00269E8B /* Crashlytics.framework */; };
		6D28429518937B6E00462C20 /* QuizTipViewController.m in Sources */ = {isa = PBXBuildFile; fileRef = 6D28429018937B6E00462C20 /* QuizTipViewController.m */; };
		6D28429618937B6E00462C20 /* Quiz.m in Sources */ = {isa = PBXBuildFile; fileRef = 6D28429218937B6E00462C20 /* Quiz.m */; };
		6D28429718937B6E00462C20 /* QuoteQuizViewController.m in Sources */ = {isa = PBXBuildFile; fileRef = 6D28429418937B6E00462C20 /* QuoteQuizViewController.m */; settings = {COMPILER_FLAGS = "-w"; }; };
		6D36CF74188A22780016A628 /* Foundation.framework in Frameworks */ = {isa = PBXBuildFile; fileRef = 6D36CF73188A22780016A628 /* Foundation.framework */; };
		6D36CF76188A22780016A628 /* CoreGraphics.framework in Frameworks */ = {isa = PBXBuildFile; fileRef = 6D36CF75188A22780016A628 /* CoreGraphics.framework */; };
		6D36CF78188A22780016A628 /* UIKit.framework in Frameworks */ = {isa = PBXBuildFile; fileRef = 6D36CF77188A22780016A628 /* UIKit.framework */; };
		6D36CF80188A22780016A628 /* main.m in Sources */ = {isa = PBXBuildFile; fileRef = 6D36CF7F188A22780016A628 /* main.m */; };
		6D36CF84188A22780016A628 /* AppDelegate.m in Sources */ = {isa = PBXBuildFile; fileRef = 6D36CF83188A22780016A628 /* AppDelegate.m */; };
		6D36CF8F188A22780016A628 /* Images.xcassets in Resources */ = {isa = PBXBuildFile; fileRef = 6D36CF8E188A22780016A628 /* Images.xcassets */; };
		6D36CFBE188A22D90016A628 /* PagedScrollView.m in Sources */ = {isa = PBXBuildFile; fileRef = 6D36CFB6188A22D90016A628 /* PagedScrollView.m */; };
		6D36CFBF188A22D90016A628 /* WelcomeViewController.m in Sources */ = {isa = PBXBuildFile; fileRef = 6D36CFB8188A22D90016A628 /* WelcomeViewController.m */; };
		6D36CFC0188A22D90016A628 /* WelcomeViewController.xib in Resources */ = {isa = PBXBuildFile; fileRef = 6D36CFB9188A22D90016A628 /* WelcomeViewController.xib */; };
		6D36CFC5188A22E10016A628 /* SidePanelController.m in Sources */ = {isa = PBXBuildFile; fileRef = 6D36CFC2188A22E10016A628 /* SidePanelController.m */; };
		6D36CFC6188A22E10016A628 /* JHLeftViewController.m in Sources */ = {isa = PBXBuildFile; fileRef = 6D36CFC4188A22E10016A628 /* JHLeftViewController.m */; };
		6D36CFD8188A232E0016A628 /* Reachability.m in Sources */ = {isa = PBXBuildFile; fileRef = 6D36CFD7188A232E0016A628 /* Reachability.m */; settings = {COMPILER_FLAGS = "-w -fno-objc-arc"; }; };
		6D36CFFC188A23420016A628 /* CDataChunk.m in Sources */ = {isa = PBXBuildFile; fileRef = 6D36CFDB188A23420016A628 /* CDataChunk.m */; settings = {COMPILER_FLAGS = "-w -fno-objc-arc"; }; };
		6D36CFFD188A23420016A628 /* Chunk.m in Sources */ = {isa = PBXBuildFile; fileRef = 6D36CFDD188A23420016A628 /* Chunk.m */; settings = {COMPILER_FLAGS = "-w -fno-objc-arc"; }; };
		6D36CFFE188A23420016A628 /* CommentChunk.m in Sources */ = {isa = PBXBuildFile; fileRef = 6D36CFDF188A23420016A628 /* CommentChunk.m */; settings = {COMPILER_FLAGS = "-w -fno-objc-arc"; }; };
		6D36CFFF188A23420016A628 /* CSSPartMatcher.m in Sources */ = {isa = PBXBuildFile; fileRef = 6D36CFE1188A23420016A628 /* CSSPartMatcher.m */; settings = {COMPILER_FLAGS = "-w -fno-objc-arc"; }; };
		6D36D000188A23420016A628 /* CSSSelector.m in Sources */ = {isa = PBXBuildFile; fileRef = 6D36CFE3188A23420016A628 /* CSSSelector.m */; settings = {COMPILER_FLAGS = "-w -fno-objc-arc"; }; };
		6D36D001188A23420016A628 /* CSSSelectorMatcher.m in Sources */ = {isa = PBXBuildFile; fileRef = 6D36CFE5188A23420016A628 /* CSSSelectorMatcher.m */; settings = {COMPILER_FLAGS = "-w -fno-objc-arc"; }; };
		6D36D002188A23420016A628 /* CSSSelectorPart.m in Sources */ = {isa = PBXBuildFile; fileRef = 6D36CFE7188A23420016A628 /* CSSSelectorPart.m */; settings = {COMPILER_FLAGS = "-w -fno-objc-arc"; }; };
		6D36D003188A23420016A628 /* DoctypeChunk.m in Sources */ = {isa = PBXBuildFile; fileRef = 6D36CFE9188A23420016A628 /* DoctypeChunk.m */; settings = {COMPILER_FLAGS = "-w -fno-objc-arc"; }; };
		6D36D004188A23420016A628 /* DocumentRoot.m in Sources */ = {isa = PBXBuildFile; fileRef = 6D36CFEB188A23420016A628 /* DocumentRoot.m */; settings = {COMPILER_FLAGS = "-w -fno-objc-arc"; }; };
		6D36D005188A23420016A628 /* Element.m in Sources */ = {isa = PBXBuildFile; fileRef = 6D36CFED188A23420016A628 /* Element.m */; settings = {COMPILER_FLAGS = "-w -fno-objc-arc"; }; };
		6D36D006188A23420016A628 /* ElementParser.m in Sources */ = {isa = PBXBuildFile; fileRef = 6D36CFEF188A23420016A628 /* ElementParser.m */; settings = {COMPILER_FLAGS = "-w -fno-objc-arc"; }; };
		6D36D007188A23420016A628 /* EntityChunk.m in Sources */ = {isa = PBXBuildFile; fileRef = 6D36CFF1188A23420016A628 /* EntityChunk.m */; settings = {COMPILER_FLAGS = "-w -fno-objc-arc"; }; };
		6D36D008188A23420016A628 /* NSString_HTML.m in Sources */ = {isa = PBXBuildFile; fileRef = 6D36CFF3188A23420016A628 /* NSString_HTML.m */; settings = {COMPILER_FLAGS = "-w -fno-objc-arc"; }; };
		6D36D009188A23420016A628 /* ProcessingInstructionChunk.m in Sources */ = {isa = PBXBuildFile; fileRef = 6D36CFF5188A23420016A628 /* ProcessingInstructionChunk.m */; settings = {COMPILER_FLAGS = "-w -fno-objc-arc"; }; };
		6D36D00A188A23420016A628 /* TagChunk.m in Sources */ = {isa = PBXBuildFile; fileRef = 6D36CFF7188A23420016A628 /* TagChunk.m */; settings = {COMPILER_FLAGS = "-w -fno-objc-arc"; }; };
		6D36D00B188A23420016A628 /* TxtChunk.m in Sources */ = {isa = PBXBuildFile; fileRef = 6D36CFF9188A23420016A628 /* TxtChunk.m */; settings = {COMPILER_FLAGS = "-w -fno-objc-arc"; }; };
		6D36D00C188A23420016A628 /* URLParser.m in Sources */ = {isa = PBXBuildFile; fileRef = 6D36CFFB188A23420016A628 /* URLParser.m */; settings = {COMPILER_FLAGS = "-w -fno-objc-arc"; }; };
		6D36D021188A23C30016A628 /* AFHTTPClient.m in Sources */ = {isa = PBXBuildFile; fileRef = 6D36D00F188A23C30016A628 /* AFHTTPClient.m */; settings = {COMPILER_FLAGS = "-w -fno-objc-arc"; }; };
		6D36D022188A23C30016A628 /* AFHTTPRequestOperation.m in Sources */ = {isa = PBXBuildFile; fileRef = 6D36D011188A23C30016A628 /* AFHTTPRequestOperation.m */; settings = {COMPILER_FLAGS = "-w -fno-objc-arc"; }; };
		6D36D023188A23C30016A628 /* AFImageRequestOperation.m in Sources */ = {isa = PBXBuildFile; fileRef = 6D36D013188A23C30016A628 /* AFImageRequestOperation.m */; settings = {COMPILER_FLAGS = "-w -fno-objc-arc"; }; };
		6D36D024188A23C30016A628 /* AFJSONRequestOperation.m in Sources */ = {isa = PBXBuildFile; fileRef = 6D36D015188A23C30016A628 /* AFJSONRequestOperation.m */; settings = {COMPILER_FLAGS = "-w -fno-objc-arc"; }; };
		6D36D025188A23C30016A628 /* AFNetworkActivityIndicatorManager.m in Sources */ = {isa = PBXBuildFile; fileRef = 6D36D017188A23C30016A628 /* AFNetworkActivityIndicatorManager.m */; settings = {COMPILER_FLAGS = "-w -fno-objc-arc"; }; };
		6D36D026188A23C30016A628 /* AFPropertyListRequestOperation.m in Sources */ = {isa = PBXBuildFile; fileRef = 6D36D01A188A23C30016A628 /* AFPropertyListRequestOperation.m */; settings = {COMPILER_FLAGS = "-w -fno-objc-arc"; }; };
		6D36D027188A23C30016A628 /* AFURLConnectionOperation.m in Sources */ = {isa = PBXBuildFile; fileRef = 6D36D01C188A23C30016A628 /* AFURLConnectionOperation.m */; };
		6D36D028188A23C30016A628 /* AFXMLRequestOperation.m in Sources */ = {isa = PBXBuildFile; fileRef = 6D36D01E188A23C30016A628 /* AFXMLRequestOperation.m */; };
		6D36D029188A23C30016A628 /* UIImageView+AFNetworking.m in Sources */ = {isa = PBXBuildFile; fileRef = 6D36D020188A23C30016A628 /* UIImageView+AFNetworking.m */; };
		6D36D02F188A23D40016A628 /* JASidePanelController.m in Sources */ = {isa = PBXBuildFile; fileRef = 6D36D02C188A23D40016A628 /* JASidePanelController.m */; };
		6D36D030188A23D40016A628 /* UIViewController+JASidePanel.m in Sources */ = {isa = PBXBuildFile; fileRef = 6D36D02E188A23D40016A628 /* UIViewController+JASidePanel.m */; };
		6D36D03A188A25B40016A628 /* JTCell.m in Sources */ = {isa = PBXBuildFile; fileRef = 6D36D033188A25B40016A628 /* JTCell.m */; };
		6D36D03B188A25B40016A628 /* JTCollectionViewCell.m in Sources */ = {isa = PBXBuildFile; fileRef = 6D36D035188A25B40016A628 /* JTCollectionViewCell.m */; };
		6D36D03C188A25B40016A628 /* JHBlogCell.m in Sources */ = {isa = PBXBuildFile; fileRef = 6D36D037188A25B40016A628 /* JHBlogCell.m */; };
		6D36D03D188A25B40016A628 /* JHTableViewCell.m in Sources */ = {isa = PBXBuildFile; fileRef = 6D36D039188A25B40016A628 /* JHTableViewCell.m */; };
		6D36D069188A28420016A628 /* CoreData.framework in Frameworks */ = {isa = PBXBuildFile; fileRef = 6D36D068188A28420016A628 /* CoreData.framework */; };
		6D36D06B188A284F0016A628 /* SystemConfiguration.framework in Frameworks */ = {isa = PBXBuildFile; fileRef = 6D36D06A188A284F0016A628 /* SystemConfiguration.framework */; };
		6D36D06D188A285A0016A628 /* libxml2.dylib in Frameworks */ = {isa = PBXBuildFile; fileRef = 6D36D06C188A285A0016A628 /* libxml2.dylib */; };
		6D36D06F188A28610016A628 /* libsqlite3.0.dylib in Frameworks */ = {isa = PBXBuildFile; fileRef = 6D36D06E188A28610016A628 /* libsqlite3.0.dylib */; };
		6D36D071188A28690016A628 /* libz.dylib in Frameworks */ = {isa = PBXBuildFile; fileRef = 6D36D070188A28690016A628 /* libz.dylib */; };
		6D36D073188A28700016A628 /* libz.1.1.3.dylib in Frameworks */ = {isa = PBXBuildFile; fileRef = 6D36D072188A28700016A628 /* libz.1.1.3.dylib */; };
		6D36D075188A28790016A628 /* Accounts.framework in Frameworks */ = {isa = PBXBuildFile; fileRef = 6D36D074188A28790016A628 /* Accounts.framework */; };
		6D36D077188A28800016A628 /* Social.framework in Frameworks */ = {isa = PBXBuildFile; fileRef = 6D36D076188A28800016A628 /* Social.framework */; };
		6D36D079188A28880016A628 /* Twitter.framework in Frameworks */ = {isa = PBXBuildFile; fileRef = 6D36D078188A28880016A628 /* Twitter.framework */; };
		6D36D07B188A288A0016A628 /* CFNetwork.framework in Frameworks */ = {isa = PBXBuildFile; fileRef = 6D36D07A188A288A0016A628 /* CFNetwork.framework */; };
		6D36D07D188A28920016A628 /* Security.framework in Frameworks */ = {isa = PBXBuildFile; fileRef = 6D36D07C188A28920016A628 /* Security.framework */; };
		6D36D07F188A289A0016A628 /* MessageUI.framework in Frameworks */ = {isa = PBXBuildFile; fileRef = 6D36D07E188A289A0016A628 /* MessageUI.framework */; };
		6D36D081188A28A30016A628 /* QuartzCore.framework in Frameworks */ = {isa = PBXBuildFile; fileRef = 6D36D080188A28A30016A628 /* QuartzCore.framework */; };
		6D36D086188A2AD70016A628 /* WelcomeIpadViewController.m in Sources */ = {isa = PBXBuildFile; fileRef = 6D36D084188A2AD70016A628 /* WelcomeIpadViewController.m */; };
		6D36D087188A2AD70016A628 /* WelcomeIpadViewController.xib in Resources */ = {isa = PBXBuildFile; fileRef = 6D36D085188A2AD70016A628 /* WelcomeIpadViewController.xib */; };
		6D36D08A188A2B0B0016A628 /* PagedScrollViewIpad.m in Sources */ = {isa = PBXBuildFile; fileRef = 6D36D089188A2B0B0016A628 /* PagedScrollViewIpad.m */; };
		6D54B3F818BEFCAF00990E4B /* intro.plist in Resources */ = {isa = PBXBuildFile; fileRef = 6D54B3F718BEFCAF00990E4B /* intro.plist */; };
		6D735D5018F36BB600C065B5 /* WorldPeaceViewController.m in Sources */ = {isa = PBXBuildFile; fileRef = 6D735D4F18F36BB600C065B5 /* WorldPeaceViewController.m */; settings = {COMPILER_FLAGS = "-w"; }; };
		6D735D5418F36F9C00C065B5 /* world.plist in Resources */ = {isa = PBXBuildFile; fileRef = 6D735D5318F36F9C00C065B5 /* world.plist */; };
		6D735D5718F37CC600C065B5 /* FreeWillOneViewController.m in Sources */ = {isa = PBXBuildFile; fileRef = 6D735D5618F37CC600C065B5 /* FreeWillOneViewController.m */; settings = {COMPILER_FLAGS = "-w"; }; };
		6D735D5918F3802800C065B5 /* fw1.plist in Resources */ = {isa = PBXBuildFile; fileRef = 6D735D5818F3802800C065B5 /* fw1.plist */; };
		6D735D5C18F3914F00C065B5 /* FreeWillTwoViewController.m in Sources */ = {isa = PBXBuildFile; fileRef = 6D735D5B18F3914F00C065B5 /* FreeWillTwoViewController.m */; settings = {COMPILER_FLAGS = "-w"; }; };
		6D735D5E18F3921D00C065B5 /* fw2.plist in Resources */ = {isa = PBXBuildFile; fileRef = 6D735D5D18F3921D00C065B5 /* fw2.plist */; };
		6D735D6E18F3971500C065B5 /* OpenSans-Bold.ttf in Resources */ = {isa = PBXBuildFile; fileRef = 6D735D6418F3971500C065B5 /* OpenSans-Bold.ttf */; };
		6D735D6F18F3971500C065B5 /* OpenSans-BoldItalic.ttf in Resources */ = {isa = PBXBuildFile; fileRef = 6D735D6518F3971500C065B5 /* OpenSans-BoldItalic.ttf */; };
		6D735D7018F3971500C065B5 /* OpenSans-ExtraBold.ttf in Resources */ = {isa = PBXBuildFile; fileRef = 6D735D6618F3971500C065B5 /* OpenSans-ExtraBold.ttf */; };
		6D735D7118F3971500C065B5 /* OpenSans-ExtraBoldItalic.ttf in Resources */ = {isa = PBXBuildFile; fileRef = 6D735D6718F3971500C065B5 /* OpenSans-ExtraBoldItalic.ttf */; };
		6D735D7218F3971500C065B5 /* OpenSans-Italic.ttf in Resources */ = {isa = PBXBuildFile; fileRef = 6D735D6818F3971500C065B5 /* OpenSans-Italic.ttf */; };
		6D735D7318F3971500C065B5 /* OpenSans-Light.ttf in Resources */ = {isa = PBXBuildFile; fileRef = 6D735D6918F3971500C065B5 /* OpenSans-Light.ttf */; };
		6D735D7418F3971500C065B5 /* OpenSans-LightItalic.ttf in Resources */ = {isa = PBXBuildFile; fileRef = 6D735D6A18F3971500C065B5 /* OpenSans-LightItalic.ttf */; };
		6D735D7518F3971500C065B5 /* OpenSans-Regular.ttf in Resources */ = {isa = PBXBuildFile; fileRef = 6D735D6B18F3971500C065B5 /* OpenSans-Regular.ttf */; };
		6D735D7618F3971500C065B5 /* OpenSans-Semibold.ttf in Resources */ = {isa = PBXBuildFile; fileRef = 6D735D6C18F3971500C065B5 /* OpenSans-Semibold.ttf */; };
		6D735D7718F3971500C065B5 /* OpenSans-SemiboldItalic.ttf in Resources */ = {isa = PBXBuildFile; fileRef = 6D735D6D18F3971500C065B5 /* OpenSans-SemiboldItalic.ttf */; };
		6D735D7A18F398F200C065B5 /* UIFont+QuiziOSAdditions.m in Sources */ = {isa = PBXBuildFile; fileRef = 6D735D7918F398F200C065B5 /* UIFont+QuiziOSAdditions.m */; };
		6D8F772518F103BB0072E058 /* kqTheme.m in Sources */ = {isa = PBXBuildFile; fileRef = 6D8F772418F103BB0072E058 /* kqTheme.m */; };
		6D8F772818F106630072E058 /* UIImageAverageColorAddition.m in Sources */ = {isa = PBXBuildFile; fileRef = 6D8F772718F106630072E058 /* UIImageAverageColorAddition.m */; };
		6D8F772B18F126470072E058 /* KabbalisticLanguage.m in Sources */ = {isa = PBXBuildFile; fileRef = 6D8F772A18F126470072E058 /* KabbalisticLanguage.m */; settings = {COMPILER_FLAGS = "-w"; }; };
		6D8F772D18F129450072E058 /* language.plist in Resources */ = {isa = PBXBuildFile; fileRef = 6D8F772C18F129450072E058 /* language.plist */; };
		6DDBE79A18CED2A700C0594D /* iOSa_2.22.0.version in Resources */ = {isa = PBXBuildFile; fileRef = 6DDBE79418CED2A700C0594D /* iOSa_2.22.0.version */; };
		6DDBE79B18CED2A700C0594D /* libLocalyticsAMP_x64.a in Frameworks */ = {isa = PBXBuildFile; fileRef = 6DDBE79518CED2A700C0594D /* libLocalyticsAMP_x64.a */; };
		6DDBE79D18CED2A700C0594D /* LICENSE in Resources */ = {isa = PBXBuildFile; fileRef = 6DDBE79718CED2A700C0594D /* LICENSE */; };
		6DDBE79F18CED2EE00C0594D /* AdSupport.framework in Frameworks */ = {isa = PBXBuildFile; fileRef = 6DDBE79E18CED2EE00C0594D /* AdSupport.framework */; settings = {ATTRIBUTES = (Weak, ); }; };
		6DDBE7A118CED2FF00C0594D /* libsqlite3.dylib in Frameworks */ = {isa = PBXBuildFile; fileRef = 6DDBE7A018CED2FF00C0594D /* libsqlite3.dylib */; };
		6DDBE7A518CED5DB00C0594D /* defines.m in Sources */ = {isa = PBXBuildFile; fileRef = 6DDBE7A418CED5DB00C0594D /* defines.m */; };
		6DDEF661188A354200826416 /* Main_iPhone.storyboard in Resources */ = {isa = PBXBuildFile; fileRef = 6D36CF85188A22780016A628 /* Main_iPhone.storyboard */; };
		6DDEF662188A354200826416 /* Main_iPad.storyboard in Resources */ = {isa = PBXBuildFile; fileRef = 6D36CF88188A22780016A628 /* Main_iPad.storyboard */; };
		6DF7FEDF18E087A4009D987C /* PurposeViewController.m in Sources */ = {isa = PBXBuildFile; fileRef = 6DF7FEDE18E087A4009D987C /* PurposeViewController.m */; settings = {COMPILER_FLAGS = "-w"; }; };
		6DF7FEE218E088A1009D987C /* purpose.plist in Resources */ = {isa = PBXBuildFile; fileRef = 6DF7FEE118E088A1009D987C /* purpose.plist */; };
		6DF7FEEE18E09CBD009D987C /* icon-1-70x70.png in Resources */ = {isa = PBXBuildFile; fileRef = 6DF7FEE418E09CBD009D987C /* icon-1-70x70.png */; };
		6DF7FEEF18E09CBD009D987C /* icon-2-70x70.png in Resources */ = {isa = PBXBuildFile; fileRef = 6DF7FEE518E09CBD009D987C /* icon-2-70x70.png */; };
		6DF7FEF018E09CBD009D987C /* icon-3-70x70.png in Resources */ = {isa = PBXBuildFile; fileRef = 6DF7FEE618E09CBD009D987C /* icon-3-70x70.png */; };
		6DF7FEF118E09CBD009D987C /* icon-4-70x70.png in Resources */ = {isa = PBXBuildFile; fileRef = 6DF7FEE718E09CBD009D987C /* icon-4-70x70.png */; };
		6DF7FEF218E09CBD009D987C /* icon-5-70x70.png in Resources */ = {isa = PBXBuildFile; fileRef = 6DF7FEE818E09CBD009D987C /* icon-5-70x70.png */; };
		6DF7FEF318E09CBD009D987C /* icon-6-70x70.png in Resources */ = {isa = PBXBuildFile; fileRef = 6DF7FEE918E09CBD009D987C /* icon-6-70x70.png */; };
		6DF7FEF418E09CBD009D987C /* icon-7-70x70.png in Resources */ = {isa = PBXBuildFile; fileRef = 6DF7FEEA18E09CBD009D987C /* icon-7-70x70.png */; };
		6DF7FEF518E09CBD009D987C /* icon-8-70x70.png in Resources */ = {isa = PBXBuildFile; fileRef = 6DF7FEEB18E09CBD009D987C /* icon-8-70x70.png */; };
		6DF7FEF618E09CBD009D987C /* icon-9-70x70.png in Resources */ = {isa = PBXBuildFile; fileRef = 6DF7FEEC18E09CBD009D987C /* icon-9-70x70.png */; };
		6DF7FEF718E09CBD009D987C /* icon-10-70x70.png in Resources */ = {isa = PBXBuildFile; fileRef = 6DF7FEED18E09CBD009D987C /* icon-10-70x70.png */; };
		6DF7FF0118E0FD17009D987C /* PerceptionViewController.m in Sources */ = {isa = PBXBuildFile; fileRef = 6DF7FF0018E0FD17009D987C /* PerceptionViewController.m */; settings = {COMPILER_FLAGS = "-w"; }; };
		6DF7FF0318E0FD88009D987C /* perception.plist in Resources */ = {isa = PBXBuildFile; fileRef = 6DF7FF0218E0FD88009D987C /* perception.plist */; };
		6DF7FF0B18E1150C009D987C /* IntentionViewController.m in Sources */ = {isa = PBXBuildFile; fileRef = 6DF7FF0A18E1150C009D987C /* IntentionViewController.m */; settings = {COMPILER_FLAGS = "-w"; }; };
		6DF7FF0D18E115AA009D987C /* intention.plist in Resources */ = {isa = PBXBuildFile; fileRef = 6DF7FF0C18E115AA009D987C /* intention.plist */; };
/* End PBXBuildFile section */

/* Begin PBXFileReference section */
		6D26830918F4E0F800269E8B /* InnerWorkViewController.h */ = {isa = PBXFileReference; fileEncoding = 4; lastKnownFileType = sourcecode.c.h; path = InnerWorkViewController.h; sourceTree = "<group>"; };
		6D26830A18F4E0F800269E8B /* InnerWorkViewController.m */ = {isa = PBXFileReference; fileEncoding = 4; lastKnownFileType = sourcecode.c.objc; path = InnerWorkViewController.m; sourceTree = "<group>"; };
		6D26830C18F4E41F00269E8B /* inner.plist */ = {isa = PBXFileReference; fileEncoding = 4; lastKnownFileType = text.plist.xml; path = inner.plist; sourceTree = "<group>"; };
		6D26830E18F4E92D00269E8B /* CreationViewController.h */ = {isa = PBXFileReference; fileEncoding = 4; lastKnownFileType = sourcecode.c.h; path = CreationViewController.h; sourceTree = "<group>"; };
		6D26830F18F4E92D00269E8B /* CreationViewController.m */ = {isa = PBXFileReference; fileEncoding = 4; lastKnownFileType = sourcecode.c.objc; path = CreationViewController.m; sourceTree = "<group>"; };
		6D26831118F4EA0A00269E8B /* creation.plist */ = {isa = PBXFileReference; fileEncoding = 4; lastKnownFileType = text.plist.xml; path = creation.plist; sourceTree = "<group>"; };
		6D26831418F4F32600269E8B /* FacebookSDK.framework */ = {isa = PBXFileReference; lastKnownFileType = wrapper.framework; path = FacebookSDK.framework; sourceTree = "<group>"; };
		6D26832418F4F42E00269E8B /* InfoPlist.strings */ = {isa = PBXFileReference; fileEncoding = 4; lastKnownFileType = text.plist.strings; path = InfoPlist.strings; sourceTree = "<group>"; };
		6D26832618F4F8F000269E8B /* Appirater.h */ = {isa = PBXFileReference; fileEncoding = 4; lastKnownFileType = sourcecode.c.h; path = Appirater.h; sourceTree = "<group>"; };
		6D26832718F4F8F000269E8B /* Appirater.m */ = {isa = PBXFileReference; fileEncoding = 4; lastKnownFileType = sourcecode.c.objc; path = Appirater.m; sourceTree = "<group>"; };
		6D26832818F4F8F000269E8B /* AppiraterDelegate.h */ = {isa = PBXFileReference; fileEncoding = 4; lastKnownFileType = sourcecode.c.h; path = AppiraterDelegate.h; sourceTree = "<group>"; };
		6D26832B18F4F8F000269E8B /* en */ = {isa = PBXFileReference; lastKnownFileType = text.plist.strings; name = en; path = AppiraterLocalizable.strings; sourceTree = "<group>"; };
		6D26832F18F4FE3A00269E8B /* Crashlytics.framework */ = {isa = PBXFileReference; lastKnownFileType = wrapper.framework; path = Crashlytics.framework; sourceTree = "<group>"; };
		6D28428F18937B6E00462C20 /* QuizTipViewController.h */ = {isa = PBXFileReference; fileEncoding = 4; lastKnownFileType = sourcecode.c.h; path = QuizTipViewController.h; sourceTree = "<group>"; };
		6D28429018937B6E00462C20 /* QuizTipViewController.m */ = {isa = PBXFileReference; fileEncoding = 4; lastKnownFileType = sourcecode.c.objc; path = QuizTipViewController.m; sourceTree = "<group>"; };
		6D28429118937B6E00462C20 /* Quiz.h */ = {isa = PBXFileReference; fileEncoding = 4; lastKnownFileType = sourcecode.c.h; path = Quiz.h; sourceTree = "<group>"; };
		6D28429218937B6E00462C20 /* Quiz.m */ = {isa = PBXFileReference; fileEncoding = 4; lastKnownFileType = sourcecode.c.objc; path = Quiz.m; sourceTree = "<group>"; };
		6D28429318937B6E00462C20 /* QuoteQuizViewController.h */ = {isa = PBXFileReference; fileEncoding = 4; lastKnownFileType = sourcecode.c.h; path = QuoteQuizViewController.h; sourceTree = "<group>"; };
		6D28429418937B6E00462C20 /* QuoteQuizViewController.m */ = {isa = PBXFileReference; fileEncoding = 4; lastKnownFileType = sourcecode.c.objc; path = QuoteQuizViewController.m; sourceTree = "<group>"; };
		6D36CF70188A22780016A628 /* Kabbalah Quiz.app */ = {isa = PBXFileReference; explicitFileType = wrapper.application; includeInIndex = 0; path = "Kabbalah Quiz.app"; sourceTree = BUILT_PRODUCTS_DIR; };
		6D36CF73188A22780016A628 /* Foundation.framework */ = {isa = PBXFileReference; lastKnownFileType = wrapper.framework; name = Foundation.framework; path = System/Library/Frameworks/Foundation.framework; sourceTree = SDKROOT; };
		6D36CF75188A22780016A628 /* CoreGraphics.framework */ = {isa = PBXFileReference; lastKnownFileType = wrapper.framework; name = CoreGraphics.framework; path = System/Library/Frameworks/CoreGraphics.framework; sourceTree = SDKROOT; };
		6D36CF77188A22780016A628 /* UIKit.framework */ = {isa = PBXFileReference; lastKnownFileType = wrapper.framework; name = UIKit.framework; path = System/Library/Frameworks/UIKit.framework; sourceTree = SDKROOT; };
		6D36CF7B188A22780016A628 /* Kabbalah Quiz-Info.plist */ = {isa = PBXFileReference; lastKnownFileType = text.plist.xml; path = "Kabbalah Quiz-Info.plist"; sourceTree = "<group>"; };
		6D36CF7F188A22780016A628 /* main.m */ = {isa = PBXFileReference; lastKnownFileType = sourcecode.c.objc; path = main.m; sourceTree = "<group>"; };
		6D36CF81188A22780016A628 /* Kabbalah Quiz-Prefix.pch */ = {isa = PBXFileReference; lastKnownFileType = sourcecode.c.h; path = "Kabbalah Quiz-Prefix.pch"; sourceTree = "<group>"; };
		6D36CF82188A22780016A628 /* AppDelegate.h */ = {isa = PBXFileReference; lastKnownFileType = sourcecode.c.h; path = AppDelegate.h; sourceTree = "<group>"; };
		6D36CF83188A22780016A628 /* AppDelegate.m */ = {isa = PBXFileReference; lastKnownFileType = sourcecode.c.objc; path = AppDelegate.m; sourceTree = "<group>"; };
		6D36CF86188A22780016A628 /* Base */ = {isa = PBXFileReference; lastKnownFileType = file.storyboard; name = Base; path = Base.lproj/Main_iPhone.storyboard; sourceTree = "<group>"; };
		6D36CF89188A22780016A628 /* Base */ = {isa = PBXFileReference; lastKnownFileType = file.storyboard; name = Base; path = Base.lproj/Main_iPad.storyboard; sourceTree = "<group>"; };
		6D36CF8E188A22780016A628 /* Images.xcassets */ = {isa = PBXFileReference; lastKnownFileType = folder.assetcatalog; path = Images.xcassets; sourceTree = "<group>"; };
		6D36CF95188A22780016A628 /* XCTest.framework */ = {isa = PBXFileReference; lastKnownFileType = wrapper.framework; name = XCTest.framework; path = Library/Frameworks/XCTest.framework; sourceTree = DEVELOPER_DIR; };
		6D36CF9D188A22780016A628 /* kabbalahquizTests-Info.plist */ = {isa = PBXFileReference; lastKnownFileType = text.plist.xml; path = "kabbalahquizTests-Info.plist"; sourceTree = "<group>"; };
		6D36CF9F188A22780016A628 /* en */ = {isa = PBXFileReference; lastKnownFileType = text.plist.strings; name = en; path = en.lproj/InfoPlist.strings; sourceTree = "<group>"; };
		6D36CFA1188A22780016A628 /* kabbalahquizTests.m */ = {isa = PBXFileReference; lastKnownFileType = sourcecode.c.objc; path = kabbalahquizTests.m; sourceTree = "<group>"; };
		6D36CFB5188A22D90016A628 /* PagedScrollView.h */ = {isa = PBXFileReference; fileEncoding = 4; lastKnownFileType = sourcecode.c.h; path = PagedScrollView.h; sourceTree = "<group>"; };
		6D36CFB6188A22D90016A628 /* PagedScrollView.m */ = {isa = PBXFileReference; fileEncoding = 4; lastKnownFileType = sourcecode.c.objc; path = PagedScrollView.m; sourceTree = "<group>"; };
		6D36CFB7188A22D90016A628 /* WelcomeViewController.h */ = {isa = PBXFileReference; fileEncoding = 4; lastKnownFileType = sourcecode.c.h; path = WelcomeViewController.h; sourceTree = "<group>"; };
		6D36CFB8188A22D90016A628 /* WelcomeViewController.m */ = {isa = PBXFileReference; fileEncoding = 4; lastKnownFileType = sourcecode.c.objc; path = WelcomeViewController.m; sourceTree = "<group>"; };
		6D36CFB9188A22D90016A628 /* WelcomeViewController.xib */ = {isa = PBXFileReference; fileEncoding = 4; lastKnownFileType = file.xib; path = WelcomeViewController.xib; sourceTree = "<group>"; };
		6D36CFC1188A22E10016A628 /* SidePanelController.h */ = {isa = PBXFileReference; fileEncoding = 4; lastKnownFileType = sourcecode.c.h; path = SidePanelController.h; sourceTree = "<group>"; };
		6D36CFC2188A22E10016A628 /* SidePanelController.m */ = {isa = PBXFileReference; fileEncoding = 4; lastKnownFileType = sourcecode.c.objc; path = SidePanelController.m; sourceTree = "<group>"; };
		6D36CFC3188A22E10016A628 /* JHLeftViewController.h */ = {isa = PBXFileReference; fileEncoding = 4; lastKnownFileType = sourcecode.c.h; path = JHLeftViewController.h; sourceTree = "<group>"; };
		6D36CFC4188A22E10016A628 /* JHLeftViewController.m */ = {isa = PBXFileReference; fileEncoding = 4; lastKnownFileType = sourcecode.c.objc; path = JHLeftViewController.m; sourceTree = "<group>"; };
		6D36CFD6188A232E0016A628 /* Reachability.h */ = {isa = PBXFileReference; fileEncoding = 4; lastKnownFileType = sourcecode.c.h; path = Reachability.h; sourceTree = "<group>"; };
		6D36CFD7188A232E0016A628 /* Reachability.m */ = {isa = PBXFileReference; fileEncoding = 4; lastKnownFileType = sourcecode.c.objc; path = Reachability.m; sourceTree = "<group>"; };
		6D36CFDA188A23420016A628 /* CDataChunk.h */ = {isa = PBXFileReference; fileEncoding = 4; lastKnownFileType = sourcecode.c.h; path = CDataChunk.h; sourceTree = "<group>"; };
		6D36CFDB188A23420016A628 /* CDataChunk.m */ = {isa = PBXFileReference; fileEncoding = 4; lastKnownFileType = sourcecode.c.objc; path = CDataChunk.m; sourceTree = "<group>"; };
		6D36CFDC188A23420016A628 /* Chunk.h */ = {isa = PBXFileReference; fileEncoding = 4; lastKnownFileType = sourcecode.c.h; path = Chunk.h; sourceTree = "<group>"; };
		6D36CFDD188A23420016A628 /* Chunk.m */ = {isa = PBXFileReference; fileEncoding = 4; lastKnownFileType = sourcecode.c.objc; path = Chunk.m; sourceTree = "<group>"; };
		6D36CFDE188A23420016A628 /* CommentChunk.h */ = {isa = PBXFileReference; fileEncoding = 4; lastKnownFileType = sourcecode.c.h; path = CommentChunk.h; sourceTree = "<group>"; };
		6D36CFDF188A23420016A628 /* CommentChunk.m */ = {isa = PBXFileReference; fileEncoding = 4; lastKnownFileType = sourcecode.c.objc; path = CommentChunk.m; sourceTree = "<group>"; };
		6D36CFE0188A23420016A628 /* CSSPartMatcher.h */ = {isa = PBXFileReference; fileEncoding = 4; lastKnownFileType = sourcecode.c.h; path = CSSPartMatcher.h; sourceTree = "<group>"; };
		6D36CFE1188A23420016A628 /* CSSPartMatcher.m */ = {isa = PBXFileReference; fileEncoding = 4; lastKnownFileType = sourcecode.c.objc; path = CSSPartMatcher.m; sourceTree = "<group>"; };
		6D36CFE2188A23420016A628 /* CSSSelector.h */ = {isa = PBXFileReference; fileEncoding = 4; lastKnownFileType = sourcecode.c.h; path = CSSSelector.h; sourceTree = "<group>"; };
		6D36CFE3188A23420016A628 /* CSSSelector.m */ = {isa = PBXFileReference; fileEncoding = 4; lastKnownFileType = sourcecode.c.objc; path = CSSSelector.m; sourceTree = "<group>"; };
		6D36CFE4188A23420016A628 /* CSSSelectorMatcher.h */ = {isa = PBXFileReference; fileEncoding = 4; lastKnownFileType = sourcecode.c.h; path = CSSSelectorMatcher.h; sourceTree = "<group>"; };
		6D36CFE5188A23420016A628 /* CSSSelectorMatcher.m */ = {isa = PBXFileReference; fileEncoding = 4; lastKnownFileType = sourcecode.c.objc; path = CSSSelectorMatcher.m; sourceTree = "<group>"; };
		6D36CFE6188A23420016A628 /* CSSSelectorPart.h */ = {isa = PBXFileReference; fileEncoding = 4; lastKnownFileType = sourcecode.c.h; path = CSSSelectorPart.h; sourceTree = "<group>"; };
		6D36CFE7188A23420016A628 /* CSSSelectorPart.m */ = {isa = PBXFileReference; fileEncoding = 4; lastKnownFileType = sourcecode.c.objc; path = CSSSelectorPart.m; sourceTree = "<group>"; };
		6D36CFE8188A23420016A628 /* DoctypeChunk.h */ = {isa = PBXFileReference; fileEncoding = 4; lastKnownFileType = sourcecode.c.h; path = DoctypeChunk.h; sourceTree = "<group>"; };
		6D36CFE9188A23420016A628 /* DoctypeChunk.m */ = {isa = PBXFileReference; fileEncoding = 4; lastKnownFileType = sourcecode.c.objc; path = DoctypeChunk.m; sourceTree = "<group>"; };
		6D36CFEA188A23420016A628 /* DocumentRoot.h */ = {isa = PBXFileReference; fileEncoding = 4; lastKnownFileType = sourcecode.c.h; path = DocumentRoot.h; sourceTree = "<group>"; };
		6D36CFEB188A23420016A628 /* DocumentRoot.m */ = {isa = PBXFileReference; fileEncoding = 4; lastKnownFileType = sourcecode.c.objc; path = DocumentRoot.m; sourceTree = "<group>"; };
		6D36CFEC188A23420016A628 /* Element.h */ = {isa = PBXFileReference; fileEncoding = 4; lastKnownFileType = sourcecode.c.h; path = Element.h; sourceTree = "<group>"; };
		6D36CFED188A23420016A628 /* Element.m */ = {isa = PBXFileReference; fileEncoding = 4; lastKnownFileType = sourcecode.c.objc; path = Element.m; sourceTree = "<group>"; };
		6D36CFEE188A23420016A628 /* ElementParser.h */ = {isa = PBXFileReference; fileEncoding = 4; lastKnownFileType = sourcecode.c.h; path = ElementParser.h; sourceTree = "<group>"; };
		6D36CFEF188A23420016A628 /* ElementParser.m */ = {isa = PBXFileReference; fileEncoding = 4; lastKnownFileType = sourcecode.c.objc; path = ElementParser.m; sourceTree = "<group>"; };
		6D36CFF0188A23420016A628 /* EntityChunk.h */ = {isa = PBXFileReference; fileEncoding = 4; lastKnownFileType = sourcecode.c.h; path = EntityChunk.h; sourceTree = "<group>"; };
		6D36CFF1188A23420016A628 /* EntityChunk.m */ = {isa = PBXFileReference; fileEncoding = 4; lastKnownFileType = sourcecode.c.objc; path = EntityChunk.m; sourceTree = "<group>"; };
		6D36CFF2188A23420016A628 /* NSString_HTML.h */ = {isa = PBXFileReference; fileEncoding = 4; lastKnownFileType = sourcecode.c.h; path = NSString_HTML.h; sourceTree = "<group>"; };
		6D36CFF3188A23420016A628 /* NSString_HTML.m */ = {isa = PBXFileReference; fileEncoding = 4; lastKnownFileType = sourcecode.c.objc; path = NSString_HTML.m; sourceTree = "<group>"; };
		6D36CFF4188A23420016A628 /* ProcessingInstructionChunk.h */ = {isa = PBXFileReference; fileEncoding = 4; lastKnownFileType = sourcecode.c.h; path = ProcessingInstructionChunk.h; sourceTree = "<group>"; };
		6D36CFF5188A23420016A628 /* ProcessingInstructionChunk.m */ = {isa = PBXFileReference; fileEncoding = 4; lastKnownFileType = sourcecode.c.objc; path = ProcessingInstructionChunk.m; sourceTree = "<group>"; };
		6D36CFF6188A23420016A628 /* TagChunk.h */ = {isa = PBXFileReference; fileEncoding = 4; lastKnownFileType = sourcecode.c.h; path = TagChunk.h; sourceTree = "<group>"; };
		6D36CFF7188A23420016A628 /* TagChunk.m */ = {isa = PBXFileReference; fileEncoding = 4; lastKnownFileType = sourcecode.c.objc; path = TagChunk.m; sourceTree = "<group>"; };
		6D36CFF8188A23420016A628 /* TxtChunk.h */ = {isa = PBXFileReference; fileEncoding = 4; lastKnownFileType = sourcecode.c.h; path = TxtChunk.h; sourceTree = "<group>"; };
		6D36CFF9188A23420016A628 /* TxtChunk.m */ = {isa = PBXFileReference; fileEncoding = 4; lastKnownFileType = sourcecode.c.objc; path = TxtChunk.m; sourceTree = "<group>"; };
		6D36CFFA188A23420016A628 /* URLParser.h */ = {isa = PBXFileReference; fileEncoding = 4; lastKnownFileType = sourcecode.c.h; path = URLParser.h; sourceTree = "<group>"; };
		6D36CFFB188A23420016A628 /* URLParser.m */ = {isa = PBXFileReference; fileEncoding = 4; lastKnownFileType = sourcecode.c.objc; path = URLParser.m; sourceTree = "<group>"; };
		6D36D00E188A23C30016A628 /* AFHTTPClient.h */ = {isa = PBXFileReference; fileEncoding = 4; lastKnownFileType = sourcecode.c.h; path = AFHTTPClient.h; sourceTree = "<group>"; };
		6D36D00F188A23C30016A628 /* AFHTTPClient.m */ = {isa = PBXFileReference; fileEncoding = 4; lastKnownFileType = sourcecode.c.objc; path = AFHTTPClient.m; sourceTree = "<group>"; };
		6D36D010188A23C30016A628 /* AFHTTPRequestOperation.h */ = {isa = PBXFileReference; fileEncoding = 4; lastKnownFileType = sourcecode.c.h; path = AFHTTPRequestOperation.h; sourceTree = "<group>"; };
		6D36D011188A23C30016A628 /* AFHTTPRequestOperation.m */ = {isa = PBXFileReference; fileEncoding = 4; lastKnownFileType = sourcecode.c.objc; path = AFHTTPRequestOperation.m; sourceTree = "<group>"; };
		6D36D012188A23C30016A628 /* AFImageRequestOperation.h */ = {isa = PBXFileReference; fileEncoding = 4; lastKnownFileType = sourcecode.c.h; path = AFImageRequestOperation.h; sourceTree = "<group>"; };
		6D36D013188A23C30016A628 /* AFImageRequestOperation.m */ = {isa = PBXFileReference; fileEncoding = 4; lastKnownFileType = sourcecode.c.objc; path = AFImageRequestOperation.m; sourceTree = "<group>"; };
		6D36D014188A23C30016A628 /* AFJSONRequestOperation.h */ = {isa = PBXFileReference; fileEncoding = 4; lastKnownFileType = sourcecode.c.h; path = AFJSONRequestOperation.h; sourceTree = "<group>"; };
		6D36D015188A23C30016A628 /* AFJSONRequestOperation.m */ = {isa = PBXFileReference; fileEncoding = 4; lastKnownFileType = sourcecode.c.objc; path = AFJSONRequestOperation.m; sourceTree = "<group>"; };
		6D36D016188A23C30016A628 /* AFNetworkActivityIndicatorManager.h */ = {isa = PBXFileReference; fileEncoding = 4; lastKnownFileType = sourcecode.c.h; path = AFNetworkActivityIndicatorManager.h; sourceTree = "<group>"; };
		6D36D017188A23C30016A628 /* AFNetworkActivityIndicatorManager.m */ = {isa = PBXFileReference; fileEncoding = 4; lastKnownFileType = sourcecode.c.objc; path = AFNetworkActivityIndicatorManager.m; sourceTree = "<group>"; };
		6D36D018188A23C30016A628 /* AFNetworking.h */ = {isa = PBXFileReference; fileEncoding = 4; lastKnownFileType = sourcecode.c.h; path = AFNetworking.h; sourceTree = "<group>"; };
		6D36D019188A23C30016A628 /* AFPropertyListRequestOperation.h */ = {isa = PBXFileReference; fileEncoding = 4; lastKnownFileType = sourcecode.c.h; path = AFPropertyListRequestOperation.h; sourceTree = "<group>"; };
		6D36D01A188A23C30016A628 /* AFPropertyListRequestOperation.m */ = {isa = PBXFileReference; fileEncoding = 4; lastKnownFileType = sourcecode.c.objc; path = AFPropertyListRequestOperation.m; sourceTree = "<group>"; };
		6D36D01B188A23C30016A628 /* AFURLConnectionOperation.h */ = {isa = PBXFileReference; fileEncoding = 4; lastKnownFileType = sourcecode.c.h; path = AFURLConnectionOperation.h; sourceTree = "<group>"; };
		6D36D01C188A23C30016A628 /* AFURLConnectionOperation.m */ = {isa = PBXFileReference; fileEncoding = 4; lastKnownFileType = sourcecode.c.objc; path = AFURLConnectionOperation.m; sourceTree = "<group>"; };
		6D36D01D188A23C30016A628 /* AFXMLRequestOperation.h */ = {isa = PBXFileReference; fileEncoding = 4; lastKnownFileType = sourcecode.c.h; path = AFXMLRequestOperation.h; sourceTree = "<group>"; };
		6D36D01E188A23C30016A628 /* AFXMLRequestOperation.m */ = {isa = PBXFileReference; fileEncoding = 4; lastKnownFileType = sourcecode.c.objc; path = AFXMLRequestOperation.m; sourceTree = "<group>"; };
		6D36D01F188A23C30016A628 /* UIImageView+AFNetworking.h */ = {isa = PBXFileReference; fileEncoding = 4; lastKnownFileType = sourcecode.c.h; path = "UIImageView+AFNetworking.h"; sourceTree = "<group>"; };
		6D36D020188A23C30016A628 /* UIImageView+AFNetworking.m */ = {isa = PBXFileReference; fileEncoding = 4; lastKnownFileType = sourcecode.c.objc; path = "UIImageView+AFNetworking.m"; sourceTree = "<group>"; };
		6D36D02B188A23D40016A628 /* JASidePanelController.h */ = {isa = PBXFileReference; fileEncoding = 4; lastKnownFileType = sourcecode.c.h; path = JASidePanelController.h; sourceTree = "<group>"; };
		6D36D02C188A23D40016A628 /* JASidePanelController.m */ = {isa = PBXFileReference; fileEncoding = 4; lastKnownFileType = sourcecode.c.objc; path = JASidePanelController.m; sourceTree = "<group>"; };
		6D36D02D188A23D40016A628 /* UIViewController+JASidePanel.h */ = {isa = PBXFileReference; fileEncoding = 4; lastKnownFileType = sourcecode.c.h; path = "UIViewController+JASidePanel.h"; sourceTree = "<group>"; };
		6D36D02E188A23D40016A628 /* UIViewController+JASidePanel.m */ = {isa = PBXFileReference; fileEncoding = 4; lastKnownFileType = sourcecode.c.objc; path = "UIViewController+JASidePanel.m"; sourceTree = "<group>"; };
		6D36D032188A25B40016A628 /* JTCell.h */ = {isa = PBXFileReference; fileEncoding = 4; lastKnownFileType = sourcecode.c.h; path = JTCell.h; sourceTree = "<group>"; };
		6D36D033188A25B40016A628 /* JTCell.m */ = {isa = PBXFileReference; fileEncoding = 4; lastKnownFileType = sourcecode.c.objc; path = JTCell.m; sourceTree = "<group>"; };
		6D36D034188A25B40016A628 /* JTCollectionViewCell.h */ = {isa = PBXFileReference; fileEncoding = 4; lastKnownFileType = sourcecode.c.h; path = JTCollectionViewCell.h; sourceTree = "<group>"; };
		6D36D035188A25B40016A628 /* JTCollectionViewCell.m */ = {isa = PBXFileReference; fileEncoding = 4; lastKnownFileType = sourcecode.c.objc; path = JTCollectionViewCell.m; sourceTree = "<group>"; };
		6D36D036188A25B40016A628 /* JHBlogCell.h */ = {isa = PBXFileReference; fileEncoding = 4; lastKnownFileType = sourcecode.c.h; path = JHBlogCell.h; sourceTree = "<group>"; };
		6D36D037188A25B40016A628 /* JHBlogCell.m */ = {isa = PBXFileReference; fileEncoding = 4; lastKnownFileType = sourcecode.c.objc; path = JHBlogCell.m; sourceTree = "<group>"; };
		6D36D038188A25B40016A628 /* JHTableViewCell.h */ = {isa = PBXFileReference; fileEncoding = 4; lastKnownFileType = sourcecode.c.h; path = JHTableViewCell.h; sourceTree = "<group>"; };
		6D36D039188A25B40016A628 /* JHTableViewCell.m */ = {isa = PBXFileReference; fileEncoding = 4; lastKnownFileType = sourcecode.c.objc; path = JHTableViewCell.m; sourceTree = "<group>"; };
		6D36D068188A28420016A628 /* CoreData.framework */ = {isa = PBXFileReference; lastKnownFileType = wrapper.framework; name = CoreData.framework; path = System/Library/Frameworks/CoreData.framework; sourceTree = SDKROOT; };
		6D36D06A188A284F0016A628 /* SystemConfiguration.framework */ = {isa = PBXFileReference; lastKnownFileType = wrapper.framework; name = SystemConfiguration.framework; path = System/Library/Frameworks/SystemConfiguration.framework; sourceTree = SDKROOT; };
		6D36D06C188A285A0016A628 /* libxml2.dylib */ = {isa = PBXFileReference; lastKnownFileType = "compiled.mach-o.dylib"; name = libxml2.dylib; path = usr/lib/libxml2.dylib; sourceTree = SDKROOT; };
		6D36D06E188A28610016A628 /* libsqlite3.0.dylib */ = {isa = PBXFileReference; lastKnownFileType = "compiled.mach-o.dylib"; name = libsqlite3.0.dylib; path = usr/lib/libsqlite3.0.dylib; sourceTree = SDKROOT; };
		6D36D070188A28690016A628 /* libz.dylib */ = {isa = PBXFileReference; lastKnownFileType = "compiled.mach-o.dylib"; name = libz.dylib; path = usr/lib/libz.dylib; sourceTree = SDKROOT; };
		6D36D072188A28700016A628 /* libz.1.1.3.dylib */ = {isa = PBXFileReference; lastKnownFileType = "compiled.mach-o.dylib"; name = libz.1.1.3.dylib; path = usr/lib/libz.1.1.3.dylib; sourceTree = SDKROOT; };
		6D36D074188A28790016A628 /* Accounts.framework */ = {isa = PBXFileReference; lastKnownFileType = wrapper.framework; name = Accounts.framework; path = System/Library/Frameworks/Accounts.framework; sourceTree = SDKROOT; };
		6D36D076188A28800016A628 /* Social.framework */ = {isa = PBXFileReference; lastKnownFileType = wrapper.framework; name = Social.framework; path = System/Library/Frameworks/Social.framework; sourceTree = SDKROOT; };
		6D36D078188A28880016A628 /* Twitter.framework */ = {isa = PBXFileReference; lastKnownFileType = wrapper.framework; name = Twitter.framework; path = System/Library/Frameworks/Twitter.framework; sourceTree = SDKROOT; };
		6D36D07A188A288A0016A628 /* CFNetwork.framework */ = {isa = PBXFileReference; lastKnownFileType = wrapper.framework; name = CFNetwork.framework; path = System/Library/Frameworks/CFNetwork.framework; sourceTree = SDKROOT; };
		6D36D07C188A28920016A628 /* Security.framework */ = {isa = PBXFileReference; lastKnownFileType = wrapper.framework; name = Security.framework; path = System/Library/Frameworks/Security.framework; sourceTree = SDKROOT; };
		6D36D07E188A289A0016A628 /* MessageUI.framework */ = {isa = PBXFileReference; lastKnownFileType = wrapper.framework; name = MessageUI.framework; path = System/Library/Frameworks/MessageUI.framework; sourceTree = SDKROOT; };
		6D36D080188A28A30016A628 /* QuartzCore.framework */ = {isa = PBXFileReference; lastKnownFileType = wrapper.framework; name = QuartzCore.framework; path = System/Library/Frameworks/QuartzCore.framework; sourceTree = SDKROOT; };
		6D36D083188A2AD70016A628 /* WelcomeIpadViewController.h */ = {isa = PBXFileReference; fileEncoding = 4; lastKnownFileType = sourcecode.c.h; path = WelcomeIpadViewController.h; sourceTree = "<group>"; };
		6D36D084188A2AD70016A628 /* WelcomeIpadViewController.m */ = {isa = PBXFileReference; fileEncoding = 4; lastKnownFileType = sourcecode.c.objc; path = WelcomeIpadViewController.m; sourceTree = "<group>"; };
		6D36D085188A2AD70016A628 /* WelcomeIpadViewController.xib */ = {isa = PBXFileReference; fileEncoding = 4; lastKnownFileType = file.xib; path = WelcomeIpadViewController.xib; sourceTree = "<group>"; };
		6D36D088188A2B0B0016A628 /* PagedScrollViewIpad.h */ = {isa = PBXFileReference; fileEncoding = 4; lastKnownFileType = sourcecode.c.h; path = PagedScrollViewIpad.h; sourceTree = "<group>"; };
		6D36D089188A2B0B0016A628 /* PagedScrollViewIpad.m */ = {isa = PBXFileReference; fileEncoding = 4; lastKnownFileType = sourcecode.c.objc; path = PagedScrollViewIpad.m; sourceTree = "<group>"; };
		6D54B3F718BEFCAF00990E4B /* intro.plist */ = {isa = PBXFileReference; fileEncoding = 4; lastKnownFileType = text.plist.xml; path = intro.plist; sourceTree = "<group>"; };
		6D735D4E18F36BB600C065B5 /* WorldPeaceViewController.h */ = {isa = PBXFileReference; fileEncoding = 4; lastKnownFileType = sourcecode.c.h; path = WorldPeaceViewController.h; sourceTree = "<group>"; };
		6D735D4F18F36BB600C065B5 /* WorldPeaceViewController.m */ = {isa = PBXFileReference; fileEncoding = 4; lastKnownFileType = sourcecode.c.objc; path = WorldPeaceViewController.m; sourceTree = "<group>"; };
		6D735D5318F36F9C00C065B5 /* world.plist */ = {isa = PBXFileReference; fileEncoding = 4; lastKnownFileType = text.plist.xml; path = world.plist; sourceTree = "<group>"; };
		6D735D5518F37CC600C065B5 /* FreeWillOneViewController.h */ = {isa = PBXFileReference; fileEncoding = 4; lastKnownFileType = sourcecode.c.h; path = FreeWillOneViewController.h; sourceTree = "<group>"; };
		6D735D5618F37CC600C065B5 /* FreeWillOneViewController.m */ = {isa = PBXFileReference; fileEncoding = 4; lastKnownFileType = sourcecode.c.objc; path = FreeWillOneViewController.m; sourceTree = "<group>"; };
		6D735D5818F3802800C065B5 /* fw1.plist */ = {isa = PBXFileReference; fileEncoding = 4; lastKnownFileType = text.plist.xml; path = fw1.plist; sourceTree = "<group>"; };
		6D735D5A18F3914F00C065B5 /* FreeWillTwoViewController.h */ = {isa = PBXFileReference; fileEncoding = 4; lastKnownFileType = sourcecode.c.h; path = FreeWillTwoViewController.h; sourceTree = "<group>"; };
		6D735D5B18F3914F00C065B5 /* FreeWillTwoViewController.m */ = {isa = PBXFileReference; fileEncoding = 4; lastKnownFileType = sourcecode.c.objc; path = FreeWillTwoViewController.m; sourceTree = "<group>"; };
		6D735D5D18F3921D00C065B5 /* fw2.plist */ = {isa = PBXFileReference; fileEncoding = 4; lastKnownFileType = text.plist.xml; path = fw2.plist; sourceTree = "<group>"; };
		6D735D6418F3971500C065B5 /* OpenSans-Bold.ttf */ = {isa = PBXFileReference; lastKnownFileType = file; path = "OpenSans-Bold.ttf"; sourceTree = "<group>"; };
		6D735D6518F3971500C065B5 /* OpenSans-BoldItalic.ttf */ = {isa = PBXFileReference; lastKnownFileType = file; path = "OpenSans-BoldItalic.ttf"; sourceTree = "<group>"; };
		6D735D6618F3971500C065B5 /* OpenSans-ExtraBold.ttf */ = {isa = PBXFileReference; lastKnownFileType = file; path = "OpenSans-ExtraBold.ttf"; sourceTree = "<group>"; };
		6D735D6718F3971500C065B5 /* OpenSans-ExtraBoldItalic.ttf */ = {isa = PBXFileReference; lastKnownFileType = file; path = "OpenSans-ExtraBoldItalic.ttf"; sourceTree = "<group>"; };
		6D735D6818F3971500C065B5 /* OpenSans-Italic.ttf */ = {isa = PBXFileReference; lastKnownFileType = file; path = "OpenSans-Italic.ttf"; sourceTree = "<group>"; };
		6D735D6918F3971500C065B5 /* OpenSans-Light.ttf */ = {isa = PBXFileReference; lastKnownFileType = file; path = "OpenSans-Light.ttf"; sourceTree = "<group>"; };
		6D735D6A18F3971500C065B5 /* OpenSans-LightItalic.ttf */ = {isa = PBXFileReference; lastKnownFileType = file; path = "OpenSans-LightItalic.ttf"; sourceTree = "<group>"; };
		6D735D6B18F3971500C065B5 /* OpenSans-Regular.ttf */ = {isa = PBXFileReference; lastKnownFileType = file; path = "OpenSans-Regular.ttf"; sourceTree = "<group>"; };
		6D735D6C18F3971500C065B5 /* OpenSans-Semibold.ttf */ = {isa = PBXFileReference; lastKnownFileType = file; path = "OpenSans-Semibold.ttf"; sourceTree = "<group>"; };
		6D735D6D18F3971500C065B5 /* OpenSans-SemiboldItalic.ttf */ = {isa = PBXFileReference; lastKnownFileType = file; path = "OpenSans-SemiboldItalic.ttf"; sourceTree = "<group>"; };
		6D735D7818F398F200C065B5 /* UIFont+QuiziOSAdditions.h */ = {isa = PBXFileReference; fileEncoding = 4; lastKnownFileType = sourcecode.c.h; path = "UIFont+QuiziOSAdditions.h"; sourceTree = "<group>"; };
		6D735D7918F398F200C065B5 /* UIFont+QuiziOSAdditions.m */ = {isa = PBXFileReference; fileEncoding = 4; lastKnownFileType = sourcecode.c.objc; path = "UIFont+QuiziOSAdditions.m"; sourceTree = "<group>"; };
		6D8F772318F103BB0072E058 /* kqTheme.h */ = {isa = PBXFileReference; fileEncoding = 4; lastKnownFileType = sourcecode.c.h; path = kqTheme.h; sourceTree = "<group>"; };
		6D8F772418F103BB0072E058 /* kqTheme.m */ = {isa = PBXFileReference; fileEncoding = 4; lastKnownFileType = sourcecode.c.objc; path = kqTheme.m; sourceTree = "<group>"; };
		6D8F772618F106630072E058 /* UIImageAverageColorAddition.h */ = {isa = PBXFileReference; fileEncoding = 4; lastKnownFileType = sourcecode.c.h; path = UIImageAverageColorAddition.h; sourceTree = "<group>"; };
		6D8F772718F106630072E058 /* UIImageAverageColorAddition.m */ = {isa = PBXFileReference; fileEncoding = 4; lastKnownFileType = sourcecode.c.objc; path = UIImageAverageColorAddition.m; sourceTree = "<group>"; };
		6D8F772918F126470072E058 /* KabbalisticLanguage.h */ = {isa = PBXFileReference; fileEncoding = 4; lastKnownFileType = sourcecode.c.h; path = KabbalisticLanguage.h; sourceTree = "<group>"; };
		6D8F772A18F126470072E058 /* KabbalisticLanguage.m */ = {isa = PBXFileReference; fileEncoding = 4; lastKnownFileType = sourcecode.c.objc; path = KabbalisticLanguage.m; sourceTree = "<group>"; };
		6D8F772C18F129450072E058 /* language.plist */ = {isa = PBXFileReference; fileEncoding = 4; lastKnownFileType = text.plist.xml; path = language.plist; sourceTree = "<group>"; };
		6DDBE79418CED2A700C0594D /* iOSa_2.22.0.version */ = {isa = PBXFileReference; fileEncoding = 4; lastKnownFileType = text; path = iOSa_2.22.0.version; sourceTree = "<group>"; };
		6DDBE79518CED2A700C0594D /* libLocalyticsAMP_x64.a */ = {isa = PBXFileReference; lastKnownFileType = archive.ar; path = libLocalyticsAMP_x64.a; sourceTree = "<group>"; };
		6DDBE79718CED2A700C0594D /* LICENSE */ = {isa = PBXFileReference; fileEncoding = 4; lastKnownFileType = text; path = LICENSE; sourceTree = "<group>"; };
		6DDBE79818CED2A700C0594D /* LocalyticsAmpSession.h */ = {isa = PBXFileReference; fileEncoding = 4; lastKnownFileType = sourcecode.c.h; path = LocalyticsAmpSession.h; sourceTree = "<group>"; };
		6DDBE79918CED2A700C0594D /* LocalyticsSession.h */ = {isa = PBXFileReference; fileEncoding = 4; lastKnownFileType = sourcecode.c.h; path = LocalyticsSession.h; sourceTree = "<group>"; };
		6DDBE79E18CED2EE00C0594D /* AdSupport.framework */ = {isa = PBXFileReference; lastKnownFileType = wrapper.framework; name = AdSupport.framework; path = System/Library/Frameworks/AdSupport.framework; sourceTree = SDKROOT; };
		6DDBE7A018CED2FF00C0594D /* libsqlite3.dylib */ = {isa = PBXFileReference; lastKnownFileType = "compiled.mach-o.dylib"; name = libsqlite3.dylib; path = usr/lib/libsqlite3.dylib; sourceTree = SDKROOT; };
		6DDBE7A318CED5DB00C0594D /* defines.h */ = {isa = PBXFileReference; fileEncoding = 4; lastKnownFileType = sourcecode.c.h; path = defines.h; sourceTree = "<group>"; };
		6DDBE7A418CED5DB00C0594D /* defines.m */ = {isa = PBXFileReference; fileEncoding = 4; lastKnownFileType = sourcecode.c.objc; path = defines.m; sourceTree = "<group>"; };
		6DF7FEDD18E087A4009D987C /* PurposeViewController.h */ = {isa = PBXFileReference; fileEncoding = 4; lastKnownFileType = sourcecode.c.h; path = PurposeViewController.h; sourceTree = "<group>"; };
		6DF7FEDE18E087A4009D987C /* PurposeViewController.m */ = {isa = PBXFileReference; fileEncoding = 4; lastKnownFileType = sourcecode.c.objc; path = PurposeViewController.m; sourceTree = "<group>"; };
		6DF7FEE118E088A1009D987C /* purpose.plist */ = {isa = PBXFileReference; fileEncoding = 4; lastKnownFileType = text.plist.xml; path = purpose.plist; sourceTree = "<group>"; };
		6DF7FEE418E09CBD009D987C /* icon-1-70x70.png */ = {isa = PBXFileReference; lastKnownFileType = image.png; path = "icon-1-70x70.png"; sourceTree = "<group>"; };
		6DF7FEE518E09CBD009D987C /* icon-2-70x70.png */ = {isa = PBXFileReference; lastKnownFileType = image.png; path = "icon-2-70x70.png"; sourceTree = "<group>"; };
		6DF7FEE618E09CBD009D987C /* icon-3-70x70.png */ = {isa = PBXFileReference; lastKnownFileType = image.png; path = "icon-3-70x70.png"; sourceTree = "<group>"; };
		6DF7FEE718E09CBD009D987C /* icon-4-70x70.png */ = {isa = PBXFileReference; lastKnownFileType = image.png; path = "icon-4-70x70.png"; sourceTree = "<group>"; };
		6DF7FEE818E09CBD009D987C /* icon-5-70x70.png */ = {isa = PBXFileReference; lastKnownFileType = image.png; path = "icon-5-70x70.png"; sourceTree = "<group>"; };
		6DF7FEE918E09CBD009D987C /* icon-6-70x70.png */ = {isa = PBXFileReference; lastKnownFileType = image.png; path = "icon-6-70x70.png"; sourceTree = "<group>"; };
		6DF7FEEA18E09CBD009D987C /* icon-7-70x70.png */ = {isa = PBXFileReference; lastKnownFileType = image.png; path = "icon-7-70x70.png"; sourceTree = "<group>"; };
		6DF7FEEB18E09CBD009D987C /* icon-8-70x70.png */ = {isa = PBXFileReference; lastKnownFileType = image.png; path = "icon-8-70x70.png"; sourceTree = "<group>"; };
		6DF7FEEC18E09CBD009D987C /* icon-9-70x70.png */ = {isa = PBXFileReference; lastKnownFileType = image.png; path = "icon-9-70x70.png"; sourceTree = "<group>"; };
		6DF7FEED18E09CBD009D987C /* icon-10-70x70.png */ = {isa = PBXFileReference; lastKnownFileType = image.png; path = "icon-10-70x70.png"; sourceTree = "<group>"; };
		6DF7FEFF18E0FD17009D987C /* PerceptionViewController.h */ = {isa = PBXFileReference; fileEncoding = 4; lastKnownFileType = sourcecode.c.h; path = PerceptionViewController.h; sourceTree = "<group>"; };
		6DF7FF0018E0FD17009D987C /* PerceptionViewController.m */ = {isa = PBXFileReference; fileEncoding = 4; lastKnownFileType = sourcecode.c.objc; path = PerceptionViewController.m; sourceTree = "<group>"; };
		6DF7FF0218E0FD88009D987C /* perception.plist */ = {isa = PBXFileReference; fileEncoding = 4; lastKnownFileType = text.plist.xml; path = perception.plist; sourceTree = "<group>"; };
		6DF7FF0918E1150C009D987C /* IntentionViewController.h */ = {isa = PBXFileReference; fileEncoding = 4; lastKnownFileType = sourcecode.c.h; path = IntentionViewController.h; sourceTree = "<group>"; };
		6DF7FF0A18E1150C009D987C /* IntentionViewController.m */ = {isa = PBXFileReference; fileEncoding = 4; lastKnownFileType = sourcecode.c.objc; path = IntentionViewController.m; sourceTree = "<group>"; };
		6DF7FF0C18E115AA009D987C /* intention.plist */ = {isa = PBXFileReference; fileEncoding = 4; lastKnownFileType = text.plist.xml; path = intention.plist; sourceTree = "<group>"; };
/* End PBXFileReference section */

/* Begin PBXFrameworksBuildPhase section */
		6D36CF6D188A22780016A628 /* Frameworks */ = {
			isa = PBXFrameworksBuildPhase;
			buildActionMask = 2147483647;
			files = (
				6DDBE7A118CED2FF00C0594D /* libsqlite3.dylib in Frameworks */,
				6D26831518F4F32600269E8B /* FacebookSDK.framework in Frameworks */,
				6DDBE79F18CED2EE00C0594D /* AdSupport.framework in Frameworks */,
				6D36D081188A28A30016A628 /* QuartzCore.framework in Frameworks */,
				6D36D07F188A289A0016A628 /* MessageUI.framework in Frameworks */,
				6D36D07D188A28920016A628 /* Security.framework in Frameworks */,
				6D36D07B188A288A0016A628 /* CFNetwork.framework in Frameworks */,
				6D36D079188A28880016A628 /* Twitter.framework in Frameworks */,
				6D36D077188A28800016A628 /* Social.framework in Frameworks */,
				6D36D075188A28790016A628 /* Accounts.framework in Frameworks */,
				6D36D073188A28700016A628 /* libz.1.1.3.dylib in Frameworks */,
				6D36D071188A28690016A628 /* libz.dylib in Frameworks */,
				6D36D06F188A28610016A628 /* libsqlite3.0.dylib in Frameworks */,
				6D26833018F4FE3A00269E8B /* Crashlytics.framework in Frameworks */,
				6D36D06D188A285A0016A628 /* libxml2.dylib in Frameworks */,
				6D36D06B188A284F0016A628 /* SystemConfiguration.framework in Frameworks */,
				6D36D069188A28420016A628 /* CoreData.framework in Frameworks */,
				6D36CF76188A22780016A628 /* CoreGraphics.framework in Frameworks */,
				6D36CF78188A22780016A628 /* UIKit.framework in Frameworks */,
				6DDBE79B18CED2A700C0594D /* libLocalyticsAMP_x64.a in Frameworks */,
				6D36CF74188A22780016A628 /* Foundation.framework in Frameworks */,
			);
			runOnlyForDeploymentPostprocessing = 0;
		};
/* End PBXFrameworksBuildPhase section */

/* Begin PBXGroup section */
		6D26831318F4F22600269E8B /* Appirater */ = {
			isa = PBXGroup;
			children = (
				6D26832618F4F8F000269E8B /* Appirater.h */,
				6D26832718F4F8F000269E8B /* Appirater.m */,
				6D26832818F4F8F000269E8B /* AppiraterDelegate.h */,
				6D26832918F4F8F000269E8B /* en.lproj */,
			);
			name = Appirater;
			sourceTree = "<group>";
		};
		6D26832918F4F8F000269E8B /* en.lproj */ = {
			isa = PBXGroup;
			children = (
				6D26832A18F4F8F000269E8B /* AppiraterLocalizable.strings */,
			);
			path = en.lproj;
			sourceTree = "<group>";
		};
		6D2842841893700A00462C20 /* Images */ = {
			isa = PBXGroup;
			children = (
			);
			name = Images;
			sourceTree = "<group>";
		};
		6D36CF67188A22780016A628 = {
			isa = PBXGroup;
			children = (
				6D36CF79188A22780016A628 /* kabbalahquiz */,
				6D36CF9B188A22780016A628 /* kabbalahquizTests */,
				6D36CFAC188A229A0016A628 /* Resources */,
				6D36CF72188A22780016A628 /* Frameworks */,
				6D36CF71188A22780016A628 /* Products */,
			);
			sourceTree = "<group>";
		};
		6D36CF71188A22780016A628 /* Products */ = {
			isa = PBXGroup;
			children = (
				6D36CF70188A22780016A628 /* Kabbalah Quiz.app */,
			);
			name = Products;
			sourceTree = "<group>";
		};
		6D36CF72188A22780016A628 /* Frameworks */ = {
			isa = PBXGroup;
			children = (
				6D26832F18F4FE3A00269E8B /* Crashlytics.framework */,
				6D26831418F4F32600269E8B /* FacebookSDK.framework */,
				6DDBE7A018CED2FF00C0594D /* libsqlite3.dylib */,
				6DDBE79E18CED2EE00C0594D /* AdSupport.framework */,
				6D36D080188A28A30016A628 /* QuartzCore.framework */,
				6D36D07E188A289A0016A628 /* MessageUI.framework */,
				6D36D07C188A28920016A628 /* Security.framework */,
				6D36D07A188A288A0016A628 /* CFNetwork.framework */,
				6D36D078188A28880016A628 /* Twitter.framework */,
				6D36D076188A28800016A628 /* Social.framework */,
				6D36D074188A28790016A628 /* Accounts.framework */,
				6D36D072188A28700016A628 /* libz.1.1.3.dylib */,
				6D36D070188A28690016A628 /* libz.dylib */,
				6D36D06E188A28610016A628 /* libsqlite3.0.dylib */,
				6D36D06C188A285A0016A628 /* libxml2.dylib */,
				6D36D06A188A284F0016A628 /* SystemConfiguration.framework */,
				6D36D068188A28420016A628 /* CoreData.framework */,
				6D36CF73188A22780016A628 /* Foundation.framework */,
				6D36CF75188A22780016A628 /* CoreGraphics.framework */,
				6D36CF77188A22780016A628 /* UIKit.framework */,
				6D36CF95188A22780016A628 /* XCTest.framework */,
			);
			name = Frameworks;
			sourceTree = "<group>";
		};
		6D36CF79188A22780016A628 /* kabbalahquiz */ = {
			isa = PBXGroup;
			children = (
				6D36CFAE188A22AB0016A628 /* Left */,
				6D36D082188A2A840016A628 /* Welcome_iPad */,
				6D36CFAD188A22A50016A628 /* Welcome_iPhone */,
				6D36CFAF188A22B40016A628 /* VIews */,
				6D36CFAB188A22950016A628 /* Core */,
				6D36CF7A188A22780016A628 /* Supporting Files */,
			);
			path = kabbalahquiz;
			sourceTree = "<group>";
		};
		6D36CF7A188A22780016A628 /* Supporting Files */ = {
			isa = PBXGroup;
			children = (
				6D735D6318F396FC00C065B5 /* Fonts */,
				6D2842841893700A00462C20 /* Images */,
				6D36CF7B188A22780016A628 /* Kabbalah Quiz-Info.plist */,
				6D26832418F4F42E00269E8B /* InfoPlist.strings */,
				6D36CF7F188A22780016A628 /* main.m */,
				6D36CF81188A22780016A628 /* Kabbalah Quiz-Prefix.pch */,
			);
			name = "Supporting Files";
			sourceTree = "<group>";
		};
		6D36CF9B188A22780016A628 /* kabbalahquizTests */ = {
			isa = PBXGroup;
			children = (
				6D36CFA1188A22780016A628 /* kabbalahquizTests.m */,
				6D36CF9C188A22780016A628 /* Supporting Files */,
			);
			path = kabbalahquizTests;
			sourceTree = "<group>";
		};
		6D36CF9C188A22780016A628 /* Supporting Files */ = {
			isa = PBXGroup;
			children = (
				6D36CF9D188A22780016A628 /* kabbalahquizTests-Info.plist */,
				6D36CF9E188A22780016A628 /* InfoPlist.strings */,
			);
			name = "Supporting Files";
			sourceTree = "<group>";
		};
		6D36CFAB188A22950016A628 /* Core */ = {
			isa = PBXGroup;
			children = (
				6D8F772618F106630072E058 /* UIImageAverageColorAddition.h */,
				6D8F772718F106630072E058 /* UIImageAverageColorAddition.m */,
				6D36CF8E188A22780016A628 /* Images.xcassets */,
				6D36CF82188A22780016A628 /* AppDelegate.h */,
				6D36CF83188A22780016A628 /* AppDelegate.m */,
				6D8F772318F103BB0072E058 /* kqTheme.h */,
				6D8F772418F103BB0072E058 /* kqTheme.m */,
				6D735D7818F398F200C065B5 /* UIFont+QuiziOSAdditions.h */,
				6D735D7918F398F200C065B5 /* UIFont+QuiziOSAdditions.m */,
			);
			name = Core;
			sourceTree = "<group>";
		};
		6D36CFAC188A229A0016A628 /* Resources */ = {
			isa = PBXGroup;
			children = (
				6D26831318F4F22600269E8B /* Appirater */,
				6DDBE7A218CED59300C0594D /* Defines */,
				6D36D02A188A23CB0016A628 /* SidePanel */,
				6D36D00D188A23BA0016A628 /* AFN */,
				6D36CFD9188A233C0016A628 /* Image */,
				6D36CFD5188A23210016A628 /* Reachability */,
				6D36CFCB188A230E0016A628 /* Localytics */,
				6D36CFC7188A22FF0016A628 /* Flurry */,
			);
			name = Resources;
			path = kabbalahquiz;
			sourceTree = "<group>";
		};
		6D36CFAD188A22A50016A628 /* Welcome_iPhone */ = {
			isa = PBXGroup;
			children = (
				6D36CFB5188A22D90016A628 /* PagedScrollView.h */,
				6D36CFB6188A22D90016A628 /* PagedScrollView.m */,
				6D36CFB7188A22D90016A628 /* WelcomeViewController.h */,
				6D36CFB8188A22D90016A628 /* WelcomeViewController.m */,
				6D36CFB9188A22D90016A628 /* WelcomeViewController.xib */,
			);
			name = Welcome_iPhone;
			sourceTree = "<group>";
		};
		6D36CFAE188A22AB0016A628 /* Left */ = {
			isa = PBXGroup;
			children = (
				6DF7FEE318E09CB2009D987C /* Images */,
				6D36CFC1188A22E10016A628 /* SidePanelController.h */,
				6D36CFC2188A22E10016A628 /* SidePanelController.m */,
				6D36CFC3188A22E10016A628 /* JHLeftViewController.h */,
				6D36CFC4188A22E10016A628 /* JHLeftViewController.m */,
			);
			name = Left;
			sourceTree = "<group>";
		};
		6D36CFAF188A22B40016A628 /* VIews */ = {
			isa = PBXGroup;
			children = (
				6DF7FEE018E0886F009D987C /* plists */,
				6D36D031188A25AC0016A628 /* Cell */,
				6D36CFB0188A22B90016A628 /* Storyboards */,
				6D8F772218F0FCBD0072E058 /* Questions */,
				6DF7FEDB18E08472009D987C /* model */,
			);
			name = VIews;
			sourceTree = "<group>";
		};
		6D36CFB0188A22B90016A628 /* Storyboards */ = {
			isa = PBXGroup;
			children = (
				6D36CF85188A22780016A628 /* Main_iPhone.storyboard */,
				6D36CF88188A22780016A628 /* Main_iPad.storyboard */,
			);
			name = Storyboards;
			sourceTree = "<group>";
		};
		6D36CFC7188A22FF0016A628 /* Flurry */ = {
			isa = PBXGroup;
			children = (
			);
			name = Flurry;
			sourceTree = "<group>";
		};
		6D36CFCB188A230E0016A628 /* Localytics */ = {
			isa = PBXGroup;
			children = (
				6DDBE79418CED2A700C0594D /* iOSa_2.22.0.version */,
				6DDBE79518CED2A700C0594D /* libLocalyticsAMP_x64.a */,
				6DDBE79718CED2A700C0594D /* LICENSE */,
				6DDBE79818CED2A700C0594D /* LocalyticsAmpSession.h */,
				6DDBE79918CED2A700C0594D /* LocalyticsSession.h */,
			);
			name = Localytics;
			sourceTree = "<group>";
		};
		6D36CFD5188A23210016A628 /* Reachability */ = {
			isa = PBXGroup;
			children = (
				6D36CFD6188A232E0016A628 /* Reachability.h */,
				6D36CFD7188A232E0016A628 /* Reachability.m */,
			);
			name = Reachability;
			sourceTree = "<group>";
		};
		6D36CFD9188A233C0016A628 /* Image */ = {
			isa = PBXGroup;
			children = (
				6D36CFDA188A23420016A628 /* CDataChunk.h */,
				6D36CFDB188A23420016A628 /* CDataChunk.m */,
				6D36CFDC188A23420016A628 /* Chunk.h */,
				6D36CFDD188A23420016A628 /* Chunk.m */,
				6D36CFDE188A23420016A628 /* CommentChunk.h */,
				6D36CFDF188A23420016A628 /* CommentChunk.m */,
				6D36CFE0188A23420016A628 /* CSSPartMatcher.h */,
				6D36CFE1188A23420016A628 /* CSSPartMatcher.m */,
				6D36CFE2188A23420016A628 /* CSSSelector.h */,
				6D36CFE3188A23420016A628 /* CSSSelector.m */,
				6D36CFE4188A23420016A628 /* CSSSelectorMatcher.h */,
				6D36CFE5188A23420016A628 /* CSSSelectorMatcher.m */,
				6D36CFE6188A23420016A628 /* CSSSelectorPart.h */,
				6D36CFE7188A23420016A628 /* CSSSelectorPart.m */,
				6D36CFE8188A23420016A628 /* DoctypeChunk.h */,
				6D36CFE9188A23420016A628 /* DoctypeChunk.m */,
				6D36CFEA188A23420016A628 /* DocumentRoot.h */,
				6D36CFEB188A23420016A628 /* DocumentRoot.m */,
				6D36CFEC188A23420016A628 /* Element.h */,
				6D36CFED188A23420016A628 /* Element.m */,
				6D36CFEE188A23420016A628 /* ElementParser.h */,
				6D36CFEF188A23420016A628 /* ElementParser.m */,
				6D36CFF0188A23420016A628 /* EntityChunk.h */,
				6D36CFF1188A23420016A628 /* EntityChunk.m */,
				6D36CFF2188A23420016A628 /* NSString_HTML.h */,
				6D36CFF3188A23420016A628 /* NSString_HTML.m */,
				6D36CFF4188A23420016A628 /* ProcessingInstructionChunk.h */,
				6D36CFF5188A23420016A628 /* ProcessingInstructionChunk.m */,
				6D36CFF6188A23420016A628 /* TagChunk.h */,
				6D36CFF7188A23420016A628 /* TagChunk.m */,
				6D36CFF8188A23420016A628 /* TxtChunk.h */,
				6D36CFF9188A23420016A628 /* TxtChunk.m */,
				6D36CFFA188A23420016A628 /* URLParser.h */,
				6D36CFFB188A23420016A628 /* URLParser.m */,
			);
			name = Image;
			sourceTree = "<group>";
		};
		6D36D00D188A23BA0016A628 /* AFN */ = {
			isa = PBXGroup;
			children = (
				6D36D00E188A23C30016A628 /* AFHTTPClient.h */,
				6D36D00F188A23C30016A628 /* AFHTTPClient.m */,
				6D36D010188A23C30016A628 /* AFHTTPRequestOperation.h */,
				6D36D011188A23C30016A628 /* AFHTTPRequestOperation.m */,
				6D36D012188A23C30016A628 /* AFImageRequestOperation.h */,
				6D36D013188A23C30016A628 /* AFImageRequestOperation.m */,
				6D36D014188A23C30016A628 /* AFJSONRequestOperation.h */,
				6D36D015188A23C30016A628 /* AFJSONRequestOperation.m */,
				6D36D016188A23C30016A628 /* AFNetworkActivityIndicatorManager.h */,
				6D36D017188A23C30016A628 /* AFNetworkActivityIndicatorManager.m */,
				6D36D018188A23C30016A628 /* AFNetworking.h */,
				6D36D019188A23C30016A628 /* AFPropertyListRequestOperation.h */,
				6D36D01A188A23C30016A628 /* AFPropertyListRequestOperation.m */,
				6D36D01B188A23C30016A628 /* AFURLConnectionOperation.h */,
				6D36D01C188A23C30016A628 /* AFURLConnectionOperation.m */,
				6D36D01D188A23C30016A628 /* AFXMLRequestOperation.h */,
				6D36D01E188A23C30016A628 /* AFXMLRequestOperation.m */,
				6D36D01F188A23C30016A628 /* UIImageView+AFNetworking.h */,
				6D36D020188A23C30016A628 /* UIImageView+AFNetworking.m */,
			);
			name = AFN;
			sourceTree = "<group>";
		};
		6D36D02A188A23CB0016A628 /* SidePanel */ = {
			isa = PBXGroup;
			children = (
				6D36D02B188A23D40016A628 /* JASidePanelController.h */,
				6D36D02C188A23D40016A628 /* JASidePanelController.m */,
				6D36D02D188A23D40016A628 /* UIViewController+JASidePanel.h */,
				6D36D02E188A23D40016A628 /* UIViewController+JASidePanel.m */,
			);
			name = SidePanel;
			sourceTree = "<group>";
		};
		6D36D031188A25AC0016A628 /* Cell */ = {
			isa = PBXGroup;
			children = (
				6D36D032188A25B40016A628 /* JTCell.h */,
				6D36D033188A25B40016A628 /* JTCell.m */,
				6D36D034188A25B40016A628 /* JTCollectionViewCell.h */,
				6D36D035188A25B40016A628 /* JTCollectionViewCell.m */,
				6D36D036188A25B40016A628 /* JHBlogCell.h */,
				6D36D037188A25B40016A628 /* JHBlogCell.m */,
				6D36D038188A25B40016A628 /* JHTableViewCell.h */,
				6D36D039188A25B40016A628 /* JHTableViewCell.m */,
			);
			name = Cell;
			sourceTree = "<group>";
		};
		6D36D082188A2A840016A628 /* Welcome_iPad */ = {
			isa = PBXGroup;
			children = (
				6D36D08B188A2D460016A628 /* ImagesWelcome */,
				6D36D083188A2AD70016A628 /* WelcomeIpadViewController.h */,
				6D36D084188A2AD70016A628 /* WelcomeIpadViewController.m */,
				6D36D085188A2AD70016A628 /* WelcomeIpadViewController.xib */,
				6D36D088188A2B0B0016A628 /* PagedScrollViewIpad.h */,
				6D36D089188A2B0B0016A628 /* PagedScrollViewIpad.m */,
			);
			name = Welcome_iPad;
			sourceTree = "<group>";
		};
		6D36D08B188A2D460016A628 /* ImagesWelcome */ = {
			isa = PBXGroup;
			children = (
			);
			name = ImagesWelcome;
			sourceTree = "<group>";
		};
		6D735D6318F396FC00C065B5 /* Fonts */ = {
			isa = PBXGroup;
			children = (
				6D735D6418F3971500C065B5 /* OpenSans-Bold.ttf */,
				6D735D6518F3971500C065B5 /* OpenSans-BoldItalic.ttf */,
				6D735D6618F3971500C065B5 /* OpenSans-ExtraBold.ttf */,
				6D735D6718F3971500C065B5 /* OpenSans-ExtraBoldItalic.ttf */,
				6D735D6818F3971500C065B5 /* OpenSans-Italic.ttf */,
				6D735D6918F3971500C065B5 /* OpenSans-Light.ttf */,
				6D735D6A18F3971500C065B5 /* OpenSans-LightItalic.ttf */,
				6D735D6B18F3971500C065B5 /* OpenSans-Regular.ttf */,
				6D735D6C18F3971500C065B5 /* OpenSans-Semibold.ttf */,
				6D735D6D18F3971500C065B5 /* OpenSans-SemiboldItalic.ttf */,
			);
			name = Fonts;
			sourceTree = "<group>";
		};
		6D8F772218F0FCBD0072E058 /* Questions */ = {
			isa = PBXGroup;
			children = (
				6D28429318937B6E00462C20 /* QuoteQuizViewController.h */,
				6D28429418937B6E00462C20 /* QuoteQuizViewController.m */,
				6DF7FEDD18E087A4009D987C /* PurposeViewController.h */,
				6DF7FEDE18E087A4009D987C /* PurposeViewController.m */,
				6DF7FEFF18E0FD17009D987C /* PerceptionViewController.h */,
				6DF7FF0018E0FD17009D987C /* PerceptionViewController.m */,
				6DF7FF0918E1150C009D987C /* IntentionViewController.h */,
				6DF7FF0A18E1150C009D987C /* IntentionViewController.m */,
				6D8F772918F126470072E058 /* KabbalisticLanguage.h */,
				6D8F772A18F126470072E058 /* KabbalisticLanguage.m */,
				6D735D4E18F36BB600C065B5 /* WorldPeaceViewController.h */,
				6D735D4F18F36BB600C065B5 /* WorldPeaceViewController.m */,
				6D735D5518F37CC600C065B5 /* FreeWillOneViewController.h */,
				6D735D5618F37CC600C065B5 /* FreeWillOneViewController.m */,
				6D735D5A18F3914F00C065B5 /* FreeWillTwoViewController.h */,
				6D735D5B18F3914F00C065B5 /* FreeWillTwoViewController.m */,
				6D26830918F4E0F800269E8B /* InnerWorkViewController.h */,
				6D26830A18F4E0F800269E8B /* InnerWorkViewController.m */,
				6D26830E18F4E92D00269E8B /* CreationViewController.h */,
				6D26830F18F4E92D00269E8B /* CreationViewController.m */,
			);
			name = Questions;
			sourceTree = "<group>";
		};
		6DDBE7A218CED59300C0594D /* Defines */ = {
			isa = PBXGroup;
			children = (
				6DDBE7A318CED5DB00C0594D /* defines.h */,
				6DDBE7A418CED5DB00C0594D /* defines.m */,
			);
			name = Defines;
			sourceTree = "<group>";
		};
		6DF7FEDB18E08472009D987C /* model */ = {
			isa = PBXGroup;
			children = (
				6D28428F18937B6E00462C20 /* QuizTipViewController.h */,
				6D28429018937B6E00462C20 /* QuizTipViewController.m */,
				6D28429118937B6E00462C20 /* Quiz.h */,
				6D28429218937B6E00462C20 /* Quiz.m */,
			);
			name = model;
			sourceTree = "<group>";
		};
		6DF7FEE018E0886F009D987C /* plists */ = {
			isa = PBXGroup;
			children = (
				6D54B3F718BEFCAF00990E4B /* intro.plist */,
				6DF7FEE118E088A1009D987C /* purpose.plist */,
				6DF7FF0218E0FD88009D987C /* perception.plist */,
				6DF7FF0C18E115AA009D987C /* intention.plist */,
				6D8F772C18F129450072E058 /* language.plist */,
				6D735D5318F36F9C00C065B5 /* world.plist */,
				6D735D5818F3802800C065B5 /* fw1.plist */,
				6D735D5D18F3921D00C065B5 /* fw2.plist */,
				6D26830C18F4E41F00269E8B /* inner.plist */,
				6D26831118F4EA0A00269E8B /* creation.plist */,
			);
			name = plists;
			sourceTree = "<group>";
		};
		6DF7FEE318E09CB2009D987C /* Images */ = {
			isa = PBXGroup;
			children = (
				6DF7FEE418E09CBD009D987C /* icon-1-70x70.png */,
				6DF7FEE518E09CBD009D987C /* icon-2-70x70.png */,
				6DF7FEE618E09CBD009D987C /* icon-3-70x70.png */,
				6DF7FEE718E09CBD009D987C /* icon-4-70x70.png */,
				6DF7FEE818E09CBD009D987C /* icon-5-70x70.png */,
				6DF7FEE918E09CBD009D987C /* icon-6-70x70.png */,
				6DF7FEEA18E09CBD009D987C /* icon-7-70x70.png */,
				6DF7FEEB18E09CBD009D987C /* icon-8-70x70.png */,
				6DF7FEEC18E09CBD009D987C /* icon-9-70x70.png */,
				6DF7FEED18E09CBD009D987C /* icon-10-70x70.png */,
			);
			name = Images;
			sourceTree = "<group>";
		};
/* End PBXGroup section */

/* Begin PBXNativeTarget section */
		6D36CF6F188A22780016A628 /* Kabbalah Quiz */ = {
			isa = PBXNativeTarget;
			buildConfigurationList = 6D36CFA5188A22780016A628 /* Build configuration list for PBXNativeTarget "Kabbalah Quiz" */;
			buildPhases = (
				6D36CF6C188A22780016A628 /* Sources */,
				6D36CF6D188A22780016A628 /* Frameworks */,
				6D36CF6E188A22780016A628 /* Resources */,
				6D26832E18F4FE1800269E8B /* ShellScript */,
			);
			buildRules = (
			);
			dependencies = (
			);
			name = "Kabbalah Quiz";
			productName = kabbalahquiz;
			productReference = 6D36CF70188A22780016A628 /* Kabbalah Quiz.app */;
			productType = "com.apple.product-type.application";
		};
/* End PBXNativeTarget section */

/* Begin PBXProject section */
		6D36CF68188A22780016A628 /* Project object */ = {
			isa = PBXProject;
			attributes = {
				LastUpgradeCheck = 0510;
				ORGANIZATIONNAME = "Bnei Baruch USA";
				TargetAttributes = {
					6D36CF6F188A22780016A628 = {
						DevelopmentTeam = 88BVT739BF;
						SystemCapabilities = {
							com.apple.BackgroundModes = {
								enabled = 1;
							};
							com.apple.InAppPurchase = {
								enabled = 0;
							};
							com.apple.iCloud = {
								enabled = 0;
							};
						};
					};
				};
			};
			buildConfigurationList = 6D36CF6B188A22780016A628 /* Build configuration list for PBXProject "Kabbalah Quiz" */;
			compatibilityVersion = "Xcode 3.2";
			developmentRegion = English;
			hasScannedForEncodings = 0;
			knownRegions = (
				en,
				Base,
			);
			mainGroup = 6D36CF67188A22780016A628;
			productRefGroup = 6D36CF71188A22780016A628 /* Products */;
			projectDirPath = "";
			projectRoot = "";
			targets = (
				6D36CF6F188A22780016A628 /* Kabbalah Quiz */,
			);
		};
/* End PBXProject section */

/* Begin PBXResourcesBuildPhase section */
		6D36CF6E188A22780016A628 /* Resources */ = {
			isa = PBXResourcesBuildPhase;
			buildActionMask = 2147483647;
			files = (
				6DDEF661188A354200826416 /* Main_iPhone.storyboard in Resources */,
				6D26831218F4EA0A00269E8B /* creation.plist in Resources */,
				6D735D7218F3971500C065B5 /* OpenSans-Italic.ttf in Resources */,
				6DF7FEEE18E09CBD009D987C /* icon-1-70x70.png in Resources */,
				6DF7FEF718E09CBD009D987C /* icon-10-70x70.png in Resources */,
				6D735D5918F3802800C065B5 /* fw1.plist in Resources */,
				6D8F772D18F129450072E058 /* language.plist in Resources */,
				6DDEF662188A354200826416 /* Main_iPad.storyboard in Resources */,
				6DF7FEEF18E09CBD009D987C /* icon-2-70x70.png in Resources */,
				6D735D7718F3971500C065B5 /* OpenSans-SemiboldItalic.ttf in Resources */,
				6D735D7518F3971500C065B5 /* OpenSans-Regular.ttf in Resources */,
				6DF7FF0318E0FD88009D987C /* perception.plist in Resources */,
				6DF7FEF318E09CBD009D987C /* icon-6-70x70.png in Resources */,
				6D735D5418F36F9C00C065B5 /* world.plist in Resources */,
				6DDBE79A18CED2A700C0594D /* iOSa_2.22.0.version in Resources */,
				6D26832D18F4F8F000269E8B /* AppiraterLocalizable.strings in Resources */,
				6D36CFC0188A22D90016A628 /* WelcomeViewController.xib in Resources */,
				6D54B3F818BEFCAF00990E4B /* intro.plist in Resources */,
				6D735D6E18F3971500C065B5 /* OpenSans-Bold.ttf in Resources */,
				6DF7FEF518E09CBD009D987C /* icon-8-70x70.png in Resources */,
				6DF7FEF618E09CBD009D987C /* icon-9-70x70.png in Resources */,
				6D735D7418F3971500C065B5 /* OpenSans-LightItalic.ttf in Resources */,
				6D26832518F4F42E00269E8B /* InfoPlist.strings in Resources */,
				6D735D7018F3971500C065B5 /* OpenSans-ExtraBold.ttf in Resources */,
				6DF7FEF118E09CBD009D987C /* icon-4-70x70.png in Resources */,
				6D735D7118F3971500C065B5 /* OpenSans-ExtraBoldItalic.ttf in Resources */,
				6D36CF8F188A22780016A628 /* Images.xcassets in Resources */,
				6DF7FEF218E09CBD009D987C /* icon-5-70x70.png in Resources */,
				6D735D5E18F3921D00C065B5 /* fw2.plist in Resources */,
				6DDBE79D18CED2A700C0594D /* LICENSE in Resources */,
				6D735D7318F3971500C065B5 /* OpenSans-Light.ttf in Resources */,
				6D735D7618F3971500C065B5 /* OpenSans-Semibold.ttf in Resources */,
				6D36D087188A2AD70016A628 /* WelcomeIpadViewController.xib in Resources */,
				6DF7FEE218E088A1009D987C /* purpose.plist in Resources */,
				6D26830D18F4E41F00269E8B /* inner.plist in Resources */,
				6DF7FEF018E09CBD009D987C /* icon-3-70x70.png in Resources */,
				6DF7FEF418E09CBD009D987C /* icon-7-70x70.png in Resources */,
				6DF7FF0D18E115AA009D987C /* intention.plist in Resources */,
				6D735D6F18F3971500C065B5 /* OpenSans-BoldItalic.ttf in Resources */,
			);
			runOnlyForDeploymentPostprocessing = 0;
		};
/* End PBXResourcesBuildPhase section */

/* Begin PBXShellScriptBuildPhase section */
		6D26832E18F4FE1800269E8B /* ShellScript */ = {
			isa = PBXShellScriptBuildPhase;
			buildActionMask = 2147483647;
			files = (
			);
			inputPaths = (
			);
			outputPaths = (
			);
			runOnlyForDeploymentPostprocessing = 0;
			shellPath = /bin/sh;
			shellScript = "./Crashlytics.framework/run 62ce332ae1de018bdee39900e29eab6ab5d39419 e3925ee66366f5ce0c11bd4797ea5d473b301206bff8d7d3f3790e7f892ad528";
		};
/* End PBXShellScriptBuildPhase section */

/* Begin PBXSourcesBuildPhase section */
		6D36CF6C188A22780016A628 /* Sources */ = {
			isa = PBXSourcesBuildPhase;
			buildActionMask = 2147483647;
			files = (
				6D36D03D188A25B40016A628 /* JHTableViewCell.m in Sources */,
				6D735D5C18F3914F00C065B5 /* FreeWillTwoViewController.m in Sources */,
				6D36D008188A23420016A628 /* NSString_HTML.m in Sources */,
				6D36D001188A23420016A628 /* CSSSelectorMatcher.m in Sources */,
				6D36CFBF188A22D90016A628 /* WelcomeViewController.m in Sources */,
				6D36CFFE188A23420016A628 /* CommentChunk.m in Sources */,
				6D36CFFC188A23420016A628 /* CDataChunk.m in Sources */,
				6D28429518937B6E00462C20 /* QuizTipViewController.m in Sources */,
				6D26832C18F4F8F000269E8B /* Appirater.m in Sources */,
				6D8F772518F103BB0072E058 /* kqTheme.m in Sources */,
				6DDBE7A518CED5DB00C0594D /* defines.m in Sources */,
				6D36D03C188A25B40016A628 /* JHBlogCell.m in Sources */,
				6D735D5018F36BB600C065B5 /* WorldPeaceViewController.m in Sources */,
				6D36D004188A23420016A628 /* DocumentRoot.m in Sources */,
				6D36CFFD188A23420016A628 /* Chunk.m in Sources */,
				6D36D03B188A25B40016A628 /* JTCollectionViewCell.m in Sources */,
				6D36D000188A23420016A628 /* CSSSelector.m in Sources */,
				6DF7FF0118E0FD17009D987C /* PerceptionViewController.m in Sources */,
				6D36D086188A2AD70016A628 /* WelcomeIpadViewController.m in Sources */,
				6D36D024188A23C30016A628 /* AFJSONRequestOperation.m in Sources */,
				6D8F772818F106630072E058 /* UIImageAverageColorAddition.m in Sources */,
				6D36CFC5188A22E10016A628 /* SidePanelController.m in Sources */,
				6D36D025188A23C30016A628 /* AFNetworkActivityIndicatorManager.m in Sources */,
				6D36D00A188A23420016A628 /* TagChunk.m in Sources */,
				6D36D02F188A23D40016A628 /* JASidePanelController.m in Sources */,
				6D26831018F4E92D00269E8B /* CreationViewController.m in Sources */,
				6D28429718937B6E00462C20 /* QuoteQuizViewController.m in Sources */,
				6D36CF84188A22780016A628 /* AppDelegate.m in Sources */,
				6D36CF80188A22780016A628 /* main.m in Sources */,
				6D8F772B18F126470072E058 /* KabbalisticLanguage.m in Sources */,
				6D36D03A188A25B40016A628 /* JTCell.m in Sources */,
				6D28429618937B6E00462C20 /* Quiz.m in Sources */,
				6D36D028188A23C30016A628 /* AFXMLRequestOperation.m in Sources */,
				6D735D5718F37CC600C065B5 /* FreeWillOneViewController.m in Sources */,
				6D36D005188A23420016A628 /* Element.m in Sources */,
				6D36CFBE188A22D90016A628 /* PagedScrollView.m in Sources */,
				6D36CFD8188A232E0016A628 /* Reachability.m in Sources */,
				6D36D003188A23420016A628 /* DoctypeChunk.m in Sources */,
				6DF7FF0B18E1150C009D987C /* IntentionViewController.m in Sources */,
				6D36D002188A23420016A628 /* CSSSelectorPart.m in Sources */,
				6D36D006188A23420016A628 /* ElementParser.m in Sources */,
				6D36D027188A23C30016A628 /* AFURLConnectionOperation.m in Sources */,
				6D735D7A18F398F200C065B5 /* UIFont+QuiziOSAdditions.m in Sources */,
				6D36D022188A23C30016A628 /* AFHTTPRequestOperation.m in Sources */,
				6D36D021188A23C30016A628 /* AFHTTPClient.m in Sources */,
				6D36D029188A23C30016A628 /* UIImageView+AFNetworking.m in Sources */,
				6D36CFC6188A22E10016A628 /* JHLeftViewController.m in Sources */,
				6D36D00B188A23420016A628 /* TxtChunk.m in Sources */,
				6D36D030188A23D40016A628 /* UIViewController+JASidePanel.m in Sources */,
				6DF7FEDF18E087A4009D987C /* PurposeViewController.m in Sources */,
				6D36D08A188A2B0B0016A628 /* PagedScrollViewIpad.m in Sources */,
				6D36D026188A23C30016A628 /* AFPropertyListRequestOperation.m in Sources */,
				6D26830B18F4E0F800269E8B /* InnerWorkViewController.m in Sources */,
				6D36D009188A23420016A628 /* ProcessingInstructionChunk.m in Sources */,
				6D36D023188A23C30016A628 /* AFImageRequestOperation.m in Sources */,
				6D36D007188A23420016A628 /* EntityChunk.m in Sources */,
				6D36D00C188A23420016A628 /* URLParser.m in Sources */,
				6D36CFFF188A23420016A628 /* CSSPartMatcher.m in Sources */,
			);
			runOnlyForDeploymentPostprocessing = 0;
		};
/* End PBXSourcesBuildPhase section */

/* Begin PBXVariantGroup section */
		6D26832A18F4F8F000269E8B /* AppiraterLocalizable.strings */ = {
			isa = PBXVariantGroup;
			children = (
				6D26832B18F4F8F000269E8B /* en */,
			);
			name = AppiraterLocalizable.strings;
			sourceTree = "<group>";
		};
		6D36CF85188A22780016A628 /* Main_iPhone.storyboard */ = {
			isa = PBXVariantGroup;
			children = (
				6D36CF86188A22780016A628 /* Base */,
			);
			name = Main_iPhone.storyboard;
			sourceTree = "<group>";
		};
		6D36CF88188A22780016A628 /* Main_iPad.storyboard */ = {
			isa = PBXVariantGroup;
			children = (
				6D36CF89188A22780016A628 /* Base */,
			);
			name = Main_iPad.storyboard;
			sourceTree = "<group>";
		};
		6D36CF9E188A22780016A628 /* InfoPlist.strings */ = {
			isa = PBXVariantGroup;
			children = (
				6D36CF9F188A22780016A628 /* en */,
			);
			name = InfoPlist.strings;
			sourceTree = "<group>";
		};
/* End PBXVariantGroup section */

/* Begin XCBuildConfiguration section */
		6D36CFA3188A22780016A628 /* Debug */ = {
			isa = XCBuildConfiguration;
			buildSettings = {
				ALWAYS_SEARCH_USER_PATHS = NO;
				CLANG_CXX_LANGUAGE_STANDARD = "gnu++0x";
				CLANG_CXX_LIBRARY = "libc++";
				CLANG_ENABLE_MODULES = YES;
				CLANG_ENABLE_OBJC_ARC = YES;
				CLANG_WARN_BOOL_CONVERSION = YES;
				CLANG_WARN_CONSTANT_CONVERSION = YES;
				CLANG_WARN_DIRECT_OBJC_ISA_USAGE = YES_ERROR;
				CLANG_WARN_EMPTY_BODY = YES;
				CLANG_WARN_ENUM_CONVERSION = YES;
				CLANG_WARN_INT_CONVERSION = YES;
				CLANG_WARN_OBJC_ROOT_CLASS = YES_ERROR;
				CLANG_WARN__DUPLICATE_METHOD_MATCH = YES;
				CODE_SIGN_IDENTITY = "iPhone Developer";
				"CODE_SIGN_IDENTITY[sdk=iphoneos*]" = "iPhone Developer";
				COPY_PHASE_STRIP = NO;
				GCC_C_LANGUAGE_STANDARD = gnu99;
				GCC_DYNAMIC_NO_PIC = NO;
				GCC_OPTIMIZATION_LEVEL = 0;
				GCC_PREPROCESSOR_DEFINITIONS = (
					"DEBUG=1",
					"$(inherited)",
				);
				GCC_SYMBOLS_PRIVATE_EXTERN = NO;
				GCC_WARN_64_TO_32_BIT_CONVERSION = YES;
				GCC_WARN_ABOUT_RETURN_TYPE = YES_ERROR;
				GCC_WARN_UNDECLARED_SELECTOR = YES;
				GCC_WARN_UNINITIALIZED_AUTOS = YES;
				GCC_WARN_UNUSED_FUNCTION = YES;
				GCC_WARN_UNUSED_VARIABLE = YES;
				IPHONEOS_DEPLOYMENT_TARGET = 7.0;
				ONLY_ACTIVE_ARCH = YES;
				PROVISIONING_PROFILE = "";
				SDKROOT = iphoneos;
				TARGETED_DEVICE_FAMILY = "1,2";
			};
			name = Debug;
		};
		6D36CFA4188A22780016A628 /* Release */ = {
			isa = XCBuildConfiguration;
			buildSettings = {
				ALWAYS_SEARCH_USER_PATHS = NO;
				CLANG_CXX_LANGUAGE_STANDARD = "gnu++0x";
				CLANG_CXX_LIBRARY = "libc++";
				CLANG_ENABLE_MODULES = YES;
				CLANG_ENABLE_OBJC_ARC = YES;
				CLANG_WARN_BOOL_CONVERSION = YES;
				CLANG_WARN_CONSTANT_CONVERSION = YES;
				CLANG_WARN_DIRECT_OBJC_ISA_USAGE = YES_ERROR;
				CLANG_WARN_EMPTY_BODY = YES;
				CLANG_WARN_ENUM_CONVERSION = YES;
				CLANG_WARN_INT_CONVERSION = YES;
				CLANG_WARN_OBJC_ROOT_CLASS = YES_ERROR;
				CLANG_WARN__DUPLICATE_METHOD_MATCH = YES;
				CODE_SIGN_IDENTITY = "iPhone Developer";
				"CODE_SIGN_IDENTITY[sdk=iphoneos*]" = "iPhone Developer";
				COPY_PHASE_STRIP = YES;
				ENABLE_NS_ASSERTIONS = NO;
				GCC_C_LANGUAGE_STANDARD = gnu99;
				GCC_WARN_64_TO_32_BIT_CONVERSION = YES;
				GCC_WARN_ABOUT_RETURN_TYPE = YES_ERROR;
				GCC_WARN_UNDECLARED_SELECTOR = YES;
				GCC_WARN_UNINITIALIZED_AUTOS = YES;
				GCC_WARN_UNUSED_FUNCTION = YES;
				GCC_WARN_UNUSED_VARIABLE = YES;
				IPHONEOS_DEPLOYMENT_TARGET = 7.0;
				PROVISIONING_PROFILE = "";
				SDKROOT = iphoneos;
				TARGETED_DEVICE_FAMILY = "1,2";
				VALIDATE_PRODUCT = YES;
			};
			name = Release;
		};
		6D36CFA6188A22780016A628 /* Debug */ = {
			isa = XCBuildConfiguration;
			buildSettings = {
				ASSETCATALOG_COMPILER_APPICON_NAME = "AppIcon-3";
				ASSETCATALOG_COMPILER_LAUNCHIMAGE_NAME = "LaunchImage-3";
				CODE_SIGN_IDENTITY = "iPhone Developer";
				"CODE_SIGN_IDENTITY[sdk=iphoneos*]" = "iPhone Developer";
				FRAMEWORK_SEARCH_PATHS = (
					"$(inherited)",
					"$(PROJECT_DIR)",
				);
				GCC_PRECOMPILE_PREFIX_HEADER = NO;
				GCC_PREFIX_HEADER = "kabbalahquiz/Kabbalah Quiz-Prefix.pch";
				INFOPLIST_FILE = "kabbalahquiz/Kabbalah Quiz-Info.plist";
				LIBRARY_SEARCH_PATHS = (
					"$(inherited)",
					/Users/gabrielmorales/BBProjects/kabbalahquiz/kabbalahquiz,
					"$(PROJECT_DIR)/kabbalahquiz",
				);
				OTHER_LDFLAGS = (
					"-lsqlite3.0",
					"-ObjC",
					"-all_load",
				);
				PRODUCT_NAME = "Kabbalah Quiz";
				PROVISIONING_PROFILE = "";
				TARGETED_DEVICE_FAMILY = 1;
				WRAPPER_EXTENSION = app;
			};
			name = Debug;
		};
		6D36CFA7188A22780016A628 /* Release */ = {
			isa = XCBuildConfiguration;
			buildSettings = {
				ASSETCATALOG_COMPILER_APPICON_NAME = "AppIcon-3";
				ASSETCATALOG_COMPILER_LAUNCHIMAGE_NAME = "LaunchImage-3";
				CODE_SIGN_IDENTITY = "iPhone Developer";
				"CODE_SIGN_IDENTITY[sdk=iphoneos*]" = "iPhone Developer";
				FRAMEWORK_SEARCH_PATHS = (
					"$(inherited)",
					"$(PROJECT_DIR)",
				);
				GCC_PRECOMPILE_PREFIX_HEADER = NO;
				GCC_PREFIX_HEADER = "kabbalahquiz/Kabbalah Quiz-Prefix.pch";
				INFOPLIST_FILE = "kabbalahquiz/Kabbalah Quiz-Info.plist";
				LIBRARY_SEARCH_PATHS = (
					"$(inherited)",
					/Users/gabrielmorales/BBProjects/kabbalahquiz/kabbalahquiz,
					"$(PROJECT_DIR)/kabbalahquiz",
				);
				OTHER_LDFLAGS = (
					"-lsqlite3.0",
					"-ObjC",
					"-all_load",
				);
				PRODUCT_NAME = "Kabbalah Quiz";
				PROVISIONING_PROFILE = "";
				TARGETED_DEVICE_FAMILY = 1;
				WRAPPER_EXTENSION = app;
			};
			name = Release;
		};
/* End XCBuildConfiguration section */

/* Begin XCConfigurationList section */
		6D36CF6B188A22780016A628 /* Build configuration list for PBXProject "Kabbalah Quiz" */ = {
			isa = XCConfigurationList;
			buildConfigurations = (
				6D36CFA3188A22780016A628 /* Debug */,
				6D36CFA4188A22780016A628 /* Release */,
			);
			defaultConfigurationIsVisible = 0;
			defaultConfigurationName = Release;
		};
		6D36CFA5188A22780016A628 /* Build configuration list for PBXNativeTarget "Kabbalah Quiz" */ = {
			isa = XCConfigurationList;
			buildConfigurations = (
				6D36CFA6188A22780016A628 /* Debug */,
				6D36CFA7188A22780016A628 /* Release */,
			);
			defaultConfigurationIsVisible = 0;
			defaultConfigurationName = Release;
		};
/* End XCConfigurationList section */
	};
	rootObject = 6D36CF68188A22780016A628 /* Project object */;
}
